// !$*UTF8*$!
{
	archiveVersion = 1;
	classes = {
	};
	objectVersion = 46;
	objects = {

/* Begin PBXBuildFile section */
		1A88B2641FC3D9C9005C14AE /* Images.xcassets in Resources */ = {isa = PBXBuildFile; fileRef = 1A88B2631FC3D9C9005C14AE /* Images.xcassets */; };
		1AC6FB21180E996B004C840B /* libcocos2d Mac.a in Frameworks */ = {isa = PBXBuildFile; fileRef = 1AC6FAF9180E9839004C840B /* libcocos2d Mac.a */; };
		1AC6FB30180E99EB004C840B /* libcocos2d iOS.a in Frameworks */ = {isa = PBXBuildFile; fileRef = 1AC6FB07180E9839004C840B /* libcocos2d iOS.a */; };
		1AF87B781F6F77F7007BE51C /* AppController.mm in Sources */ = {isa = PBXBuildFile; fileRef = 1AF87B481F6F77D6007BE51C /* AppController.mm */; };
		1AF87B881F6F781D007BE51C /* LaunchScreen.storyboard in Resources */ = {isa = PBXBuildFile; fileRef = 1AF87B591F6F77D6007BE51C /* LaunchScreen.storyboard */; };
		1AF87B891F6F781D007BE51C /* LaunchScreenBackground.png in Resources */ = {isa = PBXBuildFile; fileRef = 1AF87B5A1F6F77D6007BE51C /* LaunchScreenBackground.png */; };
		1AF87B8A1F6F7822007BE51C /* main.m in Sources */ = {isa = PBXBuildFile; fileRef = 1AF87B5B1F6F77D6007BE51C /* main.m */; };
		1AF87B8B1F6F782A007BE51C /* RootViewController.mm in Sources */ = {isa = PBXBuildFile; fileRef = 1AF87B5E1F6F77D6007BE51C /* RootViewController.mm */; };
		1D60589F0D05DD5A006BFB54 /* Foundation.framework in Frameworks */ = {isa = PBXBuildFile; fileRef = 1D30AB110D05D00D00671497 /* Foundation.framework */; };
		1DF5F4E00D08C38300B7A737 /* UIKit.framework in Frameworks */ = {isa = PBXBuildFile; fileRef = 1DF5F4DF0D08C38300B7A737 /* UIKit.framework */; };
		288765A50DF7441C002DB57D /* CoreGraphics.framework in Frameworks */ = {isa = PBXBuildFile; fileRef = 288765A40DF7441C002DB57D /* CoreGraphics.framework */; };
		294D0D641D0D56D500F7F5D4 /* CoreText.framework in Frameworks */ = {isa = PBXBuildFile; fileRef = 294D0D631D0D56D500F7F5D4 /* CoreText.framework */; };
		2B3E107D22701BF900A792CF /* bottom.elecfence.128x128.png in Resources */ = {isa = PBXBuildFile; fileRef = 2B3E107C22701BF900A792CF /* bottom.elecfence.128x128.png */; };
		2B3E107E22701BF900A792CF /* bottom.elecfence.128x128.png in Resources */ = {isa = PBXBuildFile; fileRef = 2B3E107C22701BF900A792CF /* bottom.elecfence.128x128.png */; };
		2B3E108022701C7700A792CF /* west.elecfence.128x128.png in Resources */ = {isa = PBXBuildFile; fileRef = 2B3E107F22701C7700A792CF /* west.elecfence.128x128.png */; };
		2B3E108122701C7700A792CF /* west.elecfence.128x128.png in Resources */ = {isa = PBXBuildFile; fileRef = 2B3E107F22701C7700A792CF /* west.elecfence.128x128.png */; };
		2B3E108322701CD400A792CF /* top.elecfence.128x128.png in Resources */ = {isa = PBXBuildFile; fileRef = 2B3E108222701CD400A792CF /* top.elecfence.128x128.png */; };
		2B3E108422701CD400A792CF /* top.elecfence.128x128.png in Resources */ = {isa = PBXBuildFile; fileRef = 2B3E108222701CD400A792CF /* top.elecfence.128x128.png */; };
		2B3E10882271381500A792CF /* GameOver001.png in Resources */ = {isa = PBXBuildFile; fileRef = 2B3E10862271381400A792CF /* GameOver001.png */; };
		2B3E10892271381500A792CF /* GameOver001.png in Resources */ = {isa = PBXBuildFile; fileRef = 2B3E10862271381400A792CF /* GameOver001.png */; };
		2B3E108E2272819C00A792CF /* space_mine.png in Resources */ = {isa = PBXBuildFile; fileRef = 2B3E108C2272819C00A792CF /* space_mine.png */; };
		2B3E108F2272819C00A792CF /* space_mine.png in Resources */ = {isa = PBXBuildFile; fileRef = 2B3E108C2272819C00A792CF /* space_mine.png */; };
		2B5E000E2273A03E00205A72 /* game.png in Resources */ = {isa = PBXBuildFile; fileRef = 2B5E000C2273A03E00205A72 /* game.png */; };
		2B5E00132273C5BA00205A72 /* game.png in Resources */ = {isa = PBXBuildFile; fileRef = 2B5E000C2273A03E00205A72 /* game.png */; };
		2B5E001A2274D40800205A72 /* UserDataStore.cpp in Sources */ = {isa = PBXBuildFile; fileRef = 2B5E00192274D40800205A72 /* UserDataStore.cpp */; };
		2B5E001B2274D40800205A72 /* UserDataStore.cpp in Sources */ = {isa = PBXBuildFile; fileRef = 2B5E00192274D40800205A72 /* UserDataStore.cpp */; };
		2B5E001F2274E0F800205A72 /* Sound in Resources */ = {isa = PBXBuildFile; fileRef = 2B5E001E2274E0F700205A72 /* Sound */; };
		2B5E00202274E0F800205A72 /* Sound in Resources */ = {isa = PBXBuildFile; fileRef = 2B5E001E2274E0F700205A72 /* Sound */; };
		2B5E00222274E36E00205A72 /* box.red.hollow.64.64.png in Resources */ = {isa = PBXBuildFile; fileRef = 2B5E00212274E36E00205A72 /* box.red.hollow.64.64.png */; };
		2B5E00232274E36E00205A72 /* box.red.hollow.64.64.png in Resources */ = {isa = PBXBuildFile; fileRef = 2B5E00212274E36E00205A72 /* box.red.hollow.64.64.png */; };
		2B5E00282274E38900205A72 /* box.red.hollow.32.32.png in Resources */ = {isa = PBXBuildFile; fileRef = 2B5E00252274E38900205A72 /* box.red.hollow.32.32.png */; };
		2B5E00292274E38900205A72 /* box.red.hollow.32.32.png in Resources */ = {isa = PBXBuildFile; fileRef = 2B5E00252274E38900205A72 /* box.red.hollow.32.32.png */; };
		2B5E0037227544BD00205A72 /* box.red.32.32.png in Resources */ = {isa = PBXBuildFile; fileRef = 2B5E0036227544BD00205A72 /* box.red.32.32.png */; };
		2B5E0038227544BD00205A72 /* box.red.32.32.png in Resources */ = {isa = PBXBuildFile; fileRef = 2B5E0036227544BD00205A72 /* box.red.32.32.png */; };
		2B730E59226CB1D3005DCD3F /* QuartzCrystalWest.png in Resources */ = {isa = PBXBuildFile; fileRef = 2B730E53226CB1D2005DCD3F /* QuartzCrystalWest.png */; };
		2B730E5A226CB1D3005DCD3F /* QuartzCrystalWest.png in Resources */ = {isa = PBXBuildFile; fileRef = 2B730E53226CB1D2005DCD3F /* QuartzCrystalWest.png */; };
		2B730E5D226CB1D3005DCD3F /* QuartzCrystalSouth.png in Resources */ = {isa = PBXBuildFile; fileRef = 2B730E56226CB1D3005DCD3F /* QuartzCrystalSouth.png */; };
		2B730E5E226CB1D3005DCD3F /* QuartzCrystalSouth.png in Resources */ = {isa = PBXBuildFile; fileRef = 2B730E56226CB1D3005DCD3F /* QuartzCrystalSouth.png */; };
		2B730E61226CB1D3005DCD3F /* QuartzCrystalEast.png in Resources */ = {isa = PBXBuildFile; fileRef = 2B730E58226CB1D3005DCD3F /* QuartzCrystalEast.png */; };
		2B730E62226CB1D3005DCD3F /* QuartzCrystalEast.png in Resources */ = {isa = PBXBuildFile; fileRef = 2B730E58226CB1D3005DCD3F /* QuartzCrystalEast.png */; };
		2B730E68226CC7DD005DCD3F /* crystal_cav.pes in Resources */ = {isa = PBXBuildFile; fileRef = 2B730E66226CC7DC005DCD3F /* crystal_cav.pes */; };
		2B730E69226CC7DD005DCD3F /* crystal_cav.pes in Resources */ = {isa = PBXBuildFile; fileRef = 2B730E66226CC7DC005DCD3F /* crystal_cav.pes */; };
		2B730E6D226CC8E1005DCD3F /* crystal_cave.plist in Resources */ = {isa = PBXBuildFile; fileRef = 2B730E6C226CC8E1005DCD3F /* crystal_cave.plist */; };
		2B730E6E226CC8E1005DCD3F /* crystal_cave.plist in Resources */ = {isa = PBXBuildFile; fileRef = 2B730E6C226CC8E1005DCD3F /* crystal_cave.plist */; };
		2B730E71226CCFFD005DCD3F /* QuartzCrystalNorth.png in Resources */ = {isa = PBXBuildFile; fileRef = 2B730E6F226CCFFC005DCD3F /* QuartzCrystalNorth.png */; };
		2B730E72226CCFFD005DCD3F /* QuartzCrystalNorth.png in Resources */ = {isa = PBXBuildFile; fileRef = 2B730E6F226CCFFC005DCD3F /* QuartzCrystalNorth.png */; };
		2B730E73226CCFFD005DCD3F /* QuartzCrystalNorth3.png in Resources */ = {isa = PBXBuildFile; fileRef = 2B730E70226CCFFD005DCD3F /* QuartzCrystalNorth3.png */; };
		2B730E74226CCFFD005DCD3F /* QuartzCrystalNorth3.png in Resources */ = {isa = PBXBuildFile; fileRef = 2B730E70226CCFFD005DCD3F /* QuartzCrystalNorth3.png */; };
		2B730E77226D6CE8005DCD3F /* QuartzCrystalNorthFliped.png in Resources */ = {isa = PBXBuildFile; fileRef = 2B730E75226D6CE8005DCD3F /* QuartzCrystalNorthFliped.png */; };
		2B730E78226D6CE8005DCD3F /* QuartzCrystalNorthFliped.png in Resources */ = {isa = PBXBuildFile; fileRef = 2B730E75226D6CE8005DCD3F /* QuartzCrystalNorthFliped.png */; };
		2B730E79226D6CE8005DCD3F /* QuartzCrystalNorthFliped3.png in Resources */ = {isa = PBXBuildFile; fileRef = 2B730E76226D6CE8005DCD3F /* QuartzCrystalNorthFliped3.png */; };
		2B730E7A226D6CE8005DCD3F /* QuartzCrystalNorthFliped3.png in Resources */ = {isa = PBXBuildFile; fileRef = 2B730E76226D6CE8005DCD3F /* QuartzCrystalNorthFliped3.png */; };
		2B7E8B44227DEC4A0099AD4B /* Element.cpp in Sources */ = {isa = PBXBuildFile; fileRef = 2B7E8B38227DEC470099AD4B /* Element.cpp */; };
		2B7E8B45227DEC4A0099AD4B /* Element.cpp in Sources */ = {isa = PBXBuildFile; fileRef = 2B7E8B38227DEC470099AD4B /* Element.cpp */; };
		2B7E8B46227DEC4A0099AD4B /* TileLayer.cpp in Sources */ = {isa = PBXBuildFile; fileRef = 2B7E8B39227DEC470099AD4B /* TileLayer.cpp */; };
		2B7E8B47227DEC4A0099AD4B /* TileLayer.cpp in Sources */ = {isa = PBXBuildFile; fileRef = 2B7E8B39227DEC470099AD4B /* TileLayer.cpp */; };
		2B7E8B48227DEC4A0099AD4B /* ObjectGroup.cpp in Sources */ = {isa = PBXBuildFile; fileRef = 2B7E8B3A227DEC470099AD4B /* ObjectGroup.cpp */; };
		2B7E8B49227DEC4A0099AD4B /* ObjectGroup.cpp in Sources */ = {isa = PBXBuildFile; fileRef = 2B7E8B3A227DEC470099AD4B /* ObjectGroup.cpp */; };
		2B7E8B4A227DEC4A0099AD4B /* Tile.cpp in Sources */ = {isa = PBXBuildFile; fileRef = 2B7E8B3B227DEC480099AD4B /* Tile.cpp */; };
		2B7E8B4B227DEC4A0099AD4B /* Tile.cpp in Sources */ = {isa = PBXBuildFile; fileRef = 2B7E8B3B227DEC480099AD4B /* Tile.cpp */; };
		2B7E8B4C227DEC4A0099AD4B /* TileSet.cpp in Sources */ = {isa = PBXBuildFile; fileRef = 2B7E8B3D227DEC480099AD4B /* TileSet.cpp */; };
		2B7E8B4D227DEC4A0099AD4B /* TileSet.cpp in Sources */ = {isa = PBXBuildFile; fileRef = 2B7E8B3D227DEC480099AD4B /* TileSet.cpp */; };
		2B7E8B4E227DEC4A0099AD4B /* TileMap.cpp in Sources */ = {isa = PBXBuildFile; fileRef = 2B7E8B41227DEC490099AD4B /* TileMap.cpp */; };
		2B7E8B4F227DEC4A0099AD4B /* TileMap.cpp in Sources */ = {isa = PBXBuildFile; fileRef = 2B7E8B41227DEC490099AD4B /* TileMap.cpp */; };
		2B7E8B50227DEC4A0099AD4B /* Object.cpp in Sources */ = {isa = PBXBuildFile; fileRef = 2B7E8B42227DEC4A0099AD4B /* Object.cpp */; };
		2B7E8B51227DEC4A0099AD4B /* Object.cpp in Sources */ = {isa = PBXBuildFile; fileRef = 2B7E8B42227DEC4A0099AD4B /* Object.cpp */; };
		2B85D47E2267F951005F5DD1 /* TMX-Cave in Resources */ = {isa = PBXBuildFile; fileRef = 2B85D47D2267F951005F5DD1 /* TMX-Cave */; };
		2B85D47F2267F951005F5DD1 /* TMX-Cave in Resources */ = {isa = PBXBuildFile; fileRef = 2B85D47D2267F951005F5DD1 /* TMX-Cave */; };
		2B85D4822267F9F6005F5DD1 /* MyTMX.cpp in Sources */ = {isa = PBXBuildFile; fileRef = 2B85D4802267F9F6005F5DD1 /* MyTMX.cpp */; };
		2B85D4832267F9F6005F5DD1 /* MyTMX.cpp in Sources */ = {isa = PBXBuildFile; fileRef = 2B85D4802267F9F6005F5DD1 /* MyTMX.cpp */; };
		2B85D48422681E96005F5DD1 /* MyMacros.h in Sources */ = {isa = PBXBuildFile; fileRef = 2B85D47B226653D7005F5DD1 /* MyMacros.h */; };
		2BC09FF7226A7E9E0089757F /* star-space-x.png in Resources */ = {isa = PBXBuildFile; fileRef = 2BC09FF5226A7E9E0089757F /* star-space-x.png */; };
		2BC09FF8226A7E9E0089757F /* star-space-x.png in Resources */ = {isa = PBXBuildFile; fileRef = 2BC09FF5226A7E9E0089757F /* star-space-x.png */; };
		2BC0A00E226C27B50089757F /* PhysicsShapeCache.cpp in Sources */ = {isa = PBXBuildFile; fileRef = 2BC0A00C226C27B50089757F /* PhysicsShapeCache.cpp */; };
		2BC0A00F226C27B50089757F /* PhysicsShapeCache.cpp in Sources */ = {isa = PBXBuildFile; fileRef = 2BC0A00C226C27B50089757F /* PhysicsShapeCache.cpp */; };
		2BDAC15E225AFE2500CA02D9 /* Spike.png in Resources */ = {isa = PBXBuildFile; fileRef = 2BDAC155225AFE2000CA02D9 /* Spike.png */; };
		2BDAC15F225AFE2500CA02D9 /* AcidTop.png in Resources */ = {isa = PBXBuildFile; fileRef = 2BDAC156225AFE2000CA02D9 /* AcidTop.png */; };
		2BDAC165225AFE2500CA02D9 /* Acid.png in Resources */ = {isa = PBXBuildFile; fileRef = 2BDAC15C225AFE2400CA02D9 /* Acid.png */; };
		2BDAC167225C244800CA02D9 /* space-cave.jpg in Resources */ = {isa = PBXBuildFile; fileRef = 2BDAC166225C244700CA02D9 /* space-cave.jpg */; };
		2BDAC168225C244800CA02D9 /* space-cave.jpg in Resources */ = {isa = PBXBuildFile; fileRef = 2BDAC166225C244700CA02D9 /* space-cave.jpg */; };
		2BDAC16A225C299D00CA02D9 /* stalactite.png in Resources */ = {isa = PBXBuildFile; fileRef = 2BDAC169225C299D00CA02D9 /* stalactite.png */; };
		2BDAC16B225C299D00CA02D9 /* stalactite.png in Resources */ = {isa = PBXBuildFile; fileRef = 2BDAC169225C299D00CA02D9 /* stalactite.png */; };
		2BDAC16F225C2A2200CA02D9 /* geyzer.png in Resources */ = {isa = PBXBuildFile; fileRef = 2BDAC16C225C2A2000CA02D9 /* geyzer.png */; };
		2BDAC170225C2A2200CA02D9 /* geyzer.png in Resources */ = {isa = PBXBuildFile; fileRef = 2BDAC16C225C2A2000CA02D9 /* geyzer.png */; };
		2BDAC171225C2A2200CA02D9 /* rock-column.png in Resources */ = {isa = PBXBuildFile; fileRef = 2BDAC16D225C2A2100CA02D9 /* rock-column.png */; };
		2BDAC172225C2A2200CA02D9 /* rock-column.png in Resources */ = {isa = PBXBuildFile; fileRef = 2BDAC16D225C2A2100CA02D9 /* rock-column.png */; };
		2BDAC173225C2A2200CA02D9 /* pipe.png in Resources */ = {isa = PBXBuildFile; fileRef = 2BDAC16E225C2A2200CA02D9 /* pipe.png */; };
		2BDAC174225C2A2200CA02D9 /* pipe.png in Resources */ = {isa = PBXBuildFile; fileRef = 2BDAC16E225C2A2200CA02D9 /* pipe.png */; };
		2BDAC17A225C39A800CA02D9 /* lava-block-4.png in Resources */ = {isa = PBXBuildFile; fileRef = 2BDAC176225C39A600CA02D9 /* lava-block-4.png */; };
		2BDAC17B225C39A800CA02D9 /* lava-block-4.png in Resources */ = {isa = PBXBuildFile; fileRef = 2BDAC176225C39A600CA02D9 /* lava-block-4.png */; };
		2BDAC17C225C39A800CA02D9 /* lava-block-2.png in Resources */ = {isa = PBXBuildFile; fileRef = 2BDAC177225C39A700CA02D9 /* lava-block-2.png */; };
		2BDAC17D225C39A800CA02D9 /* lava-block-2.png in Resources */ = {isa = PBXBuildFile; fileRef = 2BDAC177225C39A700CA02D9 /* lava-block-2.png */; };
		2BDAC17E225C39A800CA02D9 /* lava-block-3.png in Resources */ = {isa = PBXBuildFile; fileRef = 2BDAC178225C39A700CA02D9 /* lava-block-3.png */; };
		2BDAC17F225C39A800CA02D9 /* lava-block-3.png in Resources */ = {isa = PBXBuildFile; fileRef = 2BDAC178225C39A700CA02D9 /* lava-block-3.png */; };
		2BDAC180225C39A800CA02D9 /* lava-block-1.png in Resources */ = {isa = PBXBuildFile; fileRef = 2BDAC179225C39A800CA02D9 /* lava-block-1.png */; };
		2BDAC181225C39A800CA02D9 /* lava-block-1.png in Resources */ = {isa = PBXBuildFile; fileRef = 2BDAC179225C39A800CA02D9 /* lava-block-1.png */; };
		2BEB982A1FFDE27500BB5777 /* dc64.128.png in Resources */ = {isa = PBXBuildFile; fileRef = 2BEB97B11FFDE24300BB5777 /* dc64.128.png */; };
		2BEB982B1FFDE27500BB5777 /* dc64.128.png in Resources */ = {isa = PBXBuildFile; fileRef = 2BEB97B11FFDE24300BB5777 /* dc64.128.png */; };
		2BEB98461FFDE27500BB5777 /* vfinish.png in Resources */ = {isa = PBXBuildFile; fileRef = 2BEB97BF1FFDE24600BB5777 /* vfinish.png */; };
		2BEB98471FFDE27500BB5777 /* vfinish.png in Resources */ = {isa = PBXBuildFile; fileRef = 2BEB97BF1FFDE24600BB5777 /* vfinish.png */; };
		2BEB987E1FFDE27500BB5777 /* Success.jpeg in Resources */ = {isa = PBXBuildFile; fileRef = 2BEB97DB1FFDE25A00BB5777 /* Success.jpeg */; };
		2BEB987F1FFDE27500BB5777 /* Success.jpeg in Resources */ = {isa = PBXBuildFile; fileRef = 2BEB97DB1FFDE25A00BB5777 /* Success.jpeg */; };
		2BEB98841FFDE27500BB5777 /* animation_explosion.png in Resources */ = {isa = PBXBuildFile; fileRef = 2BEB97DE1FFDE25B00BB5777 /* animation_explosion.png */; };
		2BEB98851FFDE27500BB5777 /* animation_explosion.png in Resources */ = {isa = PBXBuildFile; fileRef = 2BEB97DE1FFDE25B00BB5777 /* animation_explosion.png */; };
		2BEB98941FFDE27500BB5777 /* GameOver.png in Resources */ = {isa = PBXBuildFile; fileRef = 2BEB97E61FFDE25E00BB5777 /* GameOver.png */; };
		2BEB98951FFDE27500BB5777 /* GameOver.png in Resources */ = {isa = PBXBuildFile; fileRef = 2BEB97E61FFDE25E00BB5777 /* GameOver.png */; };
		2BEB98B41FFDE27500BB5777 /* animation_explosion.plist in Resources */ = {isa = PBXBuildFile; fileRef = 2BEB97F61FFDE26400BB5777 /* animation_explosion.plist */; };
		2BEB98B51FFDE27500BB5777 /* animation_explosion.plist in Resources */ = {isa = PBXBuildFile; fileRef = 2BEB97F61FFDE26400BB5777 /* animation_explosion.plist */; };
		2BEB98BA1FFDE27500BB5777 /* QuartzCrystal.128.png in Resources */ = {isa = PBXBuildFile; fileRef = 2BEB97F91FFDE26600BB5777 /* QuartzCrystal.128.png */; };
		2BEB98BB1FFDE27500BB5777 /* QuartzCrystal.128.png in Resources */ = {isa = PBXBuildFile; fileRef = 2BEB97F91FFDE26600BB5777 /* QuartzCrystal.128.png */; };
		2BEB98D01FFDE27500BB5777 /* gas-station.png in Resources */ = {isa = PBXBuildFile; fileRef = 2BEB98041FFDE26900BB5777 /* gas-station.png */; };
		2BEB98D11FFDE27500BB5777 /* gas-station.png in Resources */ = {isa = PBXBuildFile; fileRef = 2BEB98041FFDE26900BB5777 /* gas-station.png */; };
		2BEB98D41FFDE27500BB5777 /* red_falcon.png in Resources */ = {isa = PBXBuildFile; fileRef = 2BEB98061FFDE26A00BB5777 /* red_falcon.png */; };
		2BEB98D51FFDE27500BB5777 /* red_falcon.png in Resources */ = {isa = PBXBuildFile; fileRef = 2BEB98061FFDE26A00BB5777 /* red_falcon.png */; };
		2BEB99471FFDE29700BB5777 /* GameLayer.cpp in Sources */ = {isa = PBXBuildFile; fileRef = 2BEB99121FFDE28100BB5777 /* GameLayer.cpp */; };
		2BEB99481FFDE29700BB5777 /* GameLayer.cpp in Sources */ = {isa = PBXBuildFile; fileRef = 2BEB99121FFDE28100BB5777 /* GameLayer.cpp */; };
		2BEB99491FFDE29700BB5777 /* GLVertFence.cpp in Sources */ = {isa = PBXBuildFile; fileRef = 2BEB99131FFDE28100BB5777 /* GLVertFence.cpp */; };
		2BEB994A1FFDE29700BB5777 /* GLVertFence.cpp in Sources */ = {isa = PBXBuildFile; fileRef = 2BEB99131FFDE28100BB5777 /* GLVertFence.cpp */; };
		2BEB994B1FFDE29700BB5777 /* SceneManager.cpp in Sources */ = {isa = PBXBuildFile; fileRef = 2BEB99141FFDE28100BB5777 /* SceneManager.cpp */; };
		2BEB994C1FFDE29700BB5777 /* SceneManager.cpp in Sources */ = {isa = PBXBuildFile; fileRef = 2BEB99141FFDE28100BB5777 /* SceneManager.cpp */; };
		2BEB994F1FFDE29700BB5777 /* LabelManager.cpp in Sources */ = {isa = PBXBuildFile; fileRef = 2BEB99171FFDE28200BB5777 /* LabelManager.cpp */; };
		2BEB99501FFDE29700BB5777 /* LabelManager.cpp in Sources */ = {isa = PBXBuildFile; fileRef = 2BEB99171FFDE28200BB5777 /* LabelManager.cpp */; };
		2BEB99511FFDE29700BB5777 /* GameObject.cpp in Sources */ = {isa = PBXBuildFile; fileRef = 2BEB99191FFDE28300BB5777 /* GameObject.cpp */; };
		2BEB99521FFDE29700BB5777 /* GameObject.cpp in Sources */ = {isa = PBXBuildFile; fileRef = 2BEB99191FFDE28300BB5777 /* GameObject.cpp */; };
		2BEB99531FFDE29700BB5777 /* LunarModule.cpp in Sources */ = {isa = PBXBuildFile; fileRef = 2BEB991A1FFDE28300BB5777 /* LunarModule.cpp */; };
		2BEB99541FFDE29700BB5777 /* LunarModule.cpp in Sources */ = {isa = PBXBuildFile; fileRef = 2BEB991A1FFDE28300BB5777 /* LunarModule.cpp */; };
		2BEB99551FFDE29700BB5777 /* OptionLayer.cpp in Sources */ = {isa = PBXBuildFile; fileRef = 2BEB991D1FFDE28400BB5777 /* OptionLayer.cpp */; };
		2BEB99561FFDE29700BB5777 /* OptionLayer.cpp in Sources */ = {isa = PBXBuildFile; fileRef = 2BEB991D1FFDE28400BB5777 /* OptionLayer.cpp */; };
		2BEB99571FFDE29700BB5777 /* HostileObject.cpp in Sources */ = {isa = PBXBuildFile; fileRef = 2BEB991E1FFDE28400BB5777 /* HostileObject.cpp */; };
		2BEB99581FFDE29700BB5777 /* HostileObject.cpp in Sources */ = {isa = PBXBuildFile; fileRef = 2BEB991E1FFDE28400BB5777 /* HostileObject.cpp */; };
		2BEB99591FFDE29700BB5777 /* Mine.cpp in Sources */ = {isa = PBXBuildFile; fileRef = 2BEB99201FFDE28500BB5777 /* Mine.cpp */; };
		2BEB995A1FFDE29700BB5777 /* Mine.cpp in Sources */ = {isa = PBXBuildFile; fileRef = 2BEB99201FFDE28500BB5777 /* Mine.cpp */; };
		2BEB995F1FFDE29700BB5777 /* HudLayer.cpp in Sources */ = {isa = PBXBuildFile; fileRef = 2BEB99271FFDE28700BB5777 /* HudLayer.cpp */; };
		2BEB99601FFDE29700BB5777 /* HudLayer.cpp in Sources */ = {isa = PBXBuildFile; fileRef = 2BEB99271FFDE28700BB5777 /* HudLayer.cpp */; };
		2BEB99611FFDE29700BB5777 /* Ligthning.cpp in Sources */ = {isa = PBXBuildFile; fileRef = 2BEB99291FFDE28800BB5777 /* Ligthning.cpp */; };
		2BEB99621FFDE29700BB5777 /* Ligthning.cpp in Sources */ = {isa = PBXBuildFile; fileRef = 2BEB99291FFDE28800BB5777 /* Ligthning.cpp */; };
		2BEB99631FFDE29700BB5777 /* Friendly.cpp in Sources */ = {isa = PBXBuildFile; fileRef = 2BEB992A1FFDE28900BB5777 /* Friendly.cpp */; };
		2BEB99641FFDE29700BB5777 /* Friendly.cpp in Sources */ = {isa = PBXBuildFile; fileRef = 2BEB992A1FFDE28900BB5777 /* Friendly.cpp */; };
		2BEB99691FFDE29700BB5777 /* FailedLayer.cpp in Sources */ = {isa = PBXBuildFile; fileRef = 2BEB99301FFDE28B00BB5777 /* FailedLayer.cpp */; };
		2BEB996A1FFDE29700BB5777 /* FailedLayer.cpp in Sources */ = {isa = PBXBuildFile; fileRef = 2BEB99301FFDE28B00BB5777 /* FailedLayer.cpp */; };
		2BEB996B1FFDE29700BB5777 /* GLHorzFence.cpp in Sources */ = {isa = PBXBuildFile; fileRef = 2BEB99321FFDE28C00BB5777 /* GLHorzFence.cpp */; };
		2BEB996C1FFDE29700BB5777 /* GLHorzFence.cpp in Sources */ = {isa = PBXBuildFile; fileRef = 2BEB99321FFDE28C00BB5777 /* GLHorzFence.cpp */; };
		2BEB996D1FFDE29700BB5777 /* BaseLayer.cpp in Sources */ = {isa = PBXBuildFile; fileRef = 2BEB99341FFDE28D00BB5777 /* BaseLayer.cpp */; };
		2BEB996E1FFDE29700BB5777 /* BaseLayer.cpp in Sources */ = {isa = PBXBuildFile; fileRef = 2BEB99341FFDE28D00BB5777 /* BaseLayer.cpp */; };
		2BEB996F1FFDE29700BB5777 /* AppDelegate.cpp in Sources */ = {isa = PBXBuildFile; fileRef = 2BEB99351FFDE28E00BB5777 /* AppDelegate.cpp */; };
		2BEB99701FFDE29700BB5777 /* AppDelegate.cpp in Sources */ = {isa = PBXBuildFile; fileRef = 2BEB99351FFDE28E00BB5777 /* AppDelegate.cpp */; };
		2BEB99711FFDE29700BB5777 /* GLFence.cpp in Sources */ = {isa = PBXBuildFile; fileRef = 2BEB99361FFDE28E00BB5777 /* GLFence.cpp */; };
		2BEB99721FFDE29700BB5777 /* GLFence.cpp in Sources */ = {isa = PBXBuildFile; fileRef = 2BEB99361FFDE28E00BB5777 /* GLFence.cpp */; };
		2BEB99731FFDE29700BB5777 /* WelcomeLayer.cpp in Sources */ = {isa = PBXBuildFile; fileRef = 2BEB993F1FFDE29300BB5777 /* WelcomeLayer.cpp */; };
		2BEB99741FFDE29700BB5777 /* WelcomeLayer.cpp in Sources */ = {isa = PBXBuildFile; fileRef = 2BEB993F1FFDE29300BB5777 /* WelcomeLayer.cpp */; };
		2BEB99751FFDE29700BB5777 /* CtrlLayer.cpp in Sources */ = {isa = PBXBuildFile; fileRef = 2BEB99401FFDE29300BB5777 /* CtrlLayer.cpp */; };
		2BEB99761FFDE29700BB5777 /* CtrlLayer.cpp in Sources */ = {isa = PBXBuildFile; fileRef = 2BEB99401FFDE29300BB5777 /* CtrlLayer.cpp */; };
		2BEB99771FFDE29700BB5777 /* Utils.cpp in Sources */ = {isa = PBXBuildFile; fileRef = 2BEB99441FFDE29500BB5777 /* Utils.cpp */; };
		2BEB99781FFDE29700BB5777 /* Utils.cpp in Sources */ = {isa = PBXBuildFile; fileRef = 2BEB99441FFDE29500BB5777 /* Utils.cpp */; };
		2BEB99791FFDE29700BB5777 /* SuccessLayer.cpp in Sources */ = {isa = PBXBuildFile; fileRef = 2BEB99451FFDE29600BB5777 /* SuccessLayer.cpp */; };
		2BEB997A1FFDE29700BB5777 /* SuccessLayer.cpp in Sources */ = {isa = PBXBuildFile; fileRef = 2BEB99451FFDE29600BB5777 /* SuccessLayer.cpp */; };
		2BEB999E1FFF247900BB5777 /* SIFI_GUI in Resources */ = {isa = PBXBuildFile; fileRef = 2BEB999D1FFF247800BB5777 /* SIFI_GUI */; };
		2BEB999F1FFF247900BB5777 /* SIFI_GUI in Resources */ = {isa = PBXBuildFile; fileRef = 2BEB999D1FFF247800BB5777 /* SIFI_GUI */; };
		503AE0F817EB97AB00D1A890 /* Icon.icns in Resources */ = {isa = PBXBuildFile; fileRef = 503AE0F617EB97AB00D1A890 /* Icon.icns */; };
		503AE10517EB98FF00D1A890 /* main.cpp in Sources */ = {isa = PBXBuildFile; fileRef = 503AE10317EB98FF00D1A890 /* main.cpp */; };
		503AE11B17EB9C5A00D1A890 /* IOKit.framework in Frameworks */ = {isa = PBXBuildFile; fileRef = 503AE11A17EB9C5A00D1A890 /* IOKit.framework */; };
		5087E76317EB910900C73F5D /* Foundation.framework in Frameworks */ = {isa = PBXBuildFile; fileRef = 1D30AB110D05D00D00671497 /* Foundation.framework */; };
		5087E76717EB910900C73F5D /* libz.dylib in Frameworks */ = {isa = PBXBuildFile; fileRef = BF170DB412928DE900B8313A /* libz.dylib */; };
		5087E76817EB910900C73F5D /* QuartzCore.framework in Frameworks */ = {isa = PBXBuildFile; fileRef = BF1C47EA1293683800B63C5D /* QuartzCore.framework */; };
		5087E76917EB910900C73F5D /* OpenAL.framework in Frameworks */ = {isa = PBXBuildFile; fileRef = D44C620B132DFF330009C878 /* OpenAL.framework */; };
		5087E76A17EB910900C73F5D /* AVFoundation.framework in Frameworks */ = {isa = PBXBuildFile; fileRef = D44C620D132DFF430009C878 /* AVFoundation.framework */; };
		5087E76B17EB910900C73F5D /* AudioToolbox.framework in Frameworks */ = {isa = PBXBuildFile; fileRef = D44C620F132DFF4E0009C878 /* AudioToolbox.framework */; };
		5087E78917EB974C00C73F5D /* AppKit.framework in Frameworks */ = {isa = PBXBuildFile; fileRef = 5087E78817EB974C00C73F5D /* AppKit.framework */; };
		5087E78B17EB975400C73F5D /* OpenGL.framework in Frameworks */ = {isa = PBXBuildFile; fileRef = 5087E78A17EB975400C73F5D /* OpenGL.framework */; };
		521A8EA919F11F5000D177D7 /* fonts in Resources */ = {isa = PBXBuildFile; fileRef = 521A8EA819F11F5000D177D7 /* fonts */; };
		521A8EAA19F11F5000D177D7 /* fonts in Resources */ = {isa = PBXBuildFile; fileRef = 521A8EA819F11F5000D177D7 /* fonts */; };
		52B47A471A53D09C004E4C60 /* Security.framework in Frameworks */ = {isa = PBXBuildFile; fileRef = 52B47A461A53D09B004E4C60 /* Security.framework */; };
		8262943E1AAF051F00CB7CF7 /* Security.framework in Frameworks */ = {isa = PBXBuildFile; fileRef = 8262943D1AAF051F00CB7CF7 /* Security.framework */; };
		BF171245129291EC00B8313A /* OpenGLES.framework in Frameworks */ = {isa = PBXBuildFile; fileRef = BF170DB012928DE900B8313A /* OpenGLES.framework */; };
		BF1712471292920000B8313A /* libz.dylib in Frameworks */ = {isa = PBXBuildFile; fileRef = BF170DB412928DE900B8313A /* libz.dylib */; };
		BF1C47F01293687400B63C5D /* QuartzCore.framework in Frameworks */ = {isa = PBXBuildFile; fileRef = BF1C47EA1293683800B63C5D /* QuartzCore.framework */; };
		D44C620C132DFF330009C878 /* OpenAL.framework in Frameworks */ = {isa = PBXBuildFile; fileRef = D44C620B132DFF330009C878 /* OpenAL.framework */; };
		D44C620E132DFF430009C878 /* AVFoundation.framework in Frameworks */ = {isa = PBXBuildFile; fileRef = D44C620D132DFF430009C878 /* AVFoundation.framework */; };
		D44C6210132DFF4E0009C878 /* AudioToolbox.framework in Frameworks */ = {isa = PBXBuildFile; fileRef = D44C620F132DFF4E0009C878 /* AudioToolbox.framework */; };
		D6B0611B1803AB670077942B /* CoreMotion.framework in Frameworks */ = {isa = PBXBuildFile; fileRef = D6B0611A1803AB670077942B /* CoreMotion.framework */; };
		ED545A7C1B68A1F400C3958E /* libiconv.dylib in Frameworks */ = {isa = PBXBuildFile; fileRef = ED545A7B1B68A1F400C3958E /* libiconv.dylib */; };
		ED545A7E1B68A1FA00C3958E /* libiconv.dylib in Frameworks */ = {isa = PBXBuildFile; fileRef = ED545A7D1B68A1FA00C3958E /* libiconv.dylib */; };
/* End PBXBuildFile section */

/* Begin PBXContainerItemProxy section */
		1A7533E21F6F75F6007E8E6F /* PBXContainerItemProxy */ = {
			isa = PBXContainerItemProxy;
			containerPortal = 1AC6FAE5180E9839004C840B /* cocos2d_libs.xcodeproj */;
			proxyType = 2;
			remoteGlobalIDString = 507B40FD1C31BDD30067B53E;
			remoteInfo = "libcocos2d tvOS";
		};
		1AC6FAF8180E9839004C840B /* PBXContainerItemProxy */ = {
			isa = PBXContainerItemProxy;
			containerPortal = 1AC6FAE5180E9839004C840B /* cocos2d_libs.xcodeproj */;
			proxyType = 2;
			remoteGlobalIDString = 1551A33F158F2AB200E66CFE;
			remoteInfo = "cocos2dx Mac";
		};
		1AC6FB06180E9839004C840B /* PBXContainerItemProxy */ = {
			isa = PBXContainerItemProxy;
			containerPortal = 1AC6FAE5180E9839004C840B /* cocos2d_libs.xcodeproj */;
			proxyType = 2;
			remoteGlobalIDString = A07A4D641783777C0073F6A7;
			remoteInfo = "cocos2dx iOS";
		};
		1AC6FB15180E9959004C840B /* PBXContainerItemProxy */ = {
			isa = PBXContainerItemProxy;
			containerPortal = 1AC6FAE5180E9839004C840B /* cocos2d_libs.xcodeproj */;
			proxyType = 1;
			remoteGlobalIDString = 1551A33E158F2AB200E66CFE;
			remoteInfo = "cocos2dx Mac";
		};
		1AC6FB24180E99E1004C840B /* PBXContainerItemProxy */ = {
			isa = PBXContainerItemProxy;
			containerPortal = 1AC6FAE5180E9839004C840B /* cocos2d_libs.xcodeproj */;
			proxyType = 1;
			remoteGlobalIDString = A07A4C241783777C0073F6A7;
			remoteInfo = "cocos2dx iOS";
		};
/* End PBXContainerItemProxy section */

/* Begin PBXFileReference section */
		1A88B2631FC3D9C9005C14AE /* Images.xcassets */ = {isa = PBXFileReference; lastKnownFileType = folder.assetcatalog; path = Images.xcassets; sourceTree = "<group>"; };
		1AC6FAE5180E9839004C840B /* cocos2d_libs.xcodeproj */ = {isa = PBXFileReference; lastKnownFileType = "wrapper.pb-project"; name = cocos2d_libs.xcodeproj; path = ../cocos2d/build/cocos2d_libs.xcodeproj; sourceTree = "<group>"; };
		1ACB3243164770DE00914215 /* libcurl.a */ = {isa = PBXFileReference; lastKnownFileType = archive.ar; name = libcurl.a; path = ../../cocos2dx/platform/third_party/ios/libraries/libcurl.a; sourceTree = "<group>"; };
		1AF87B471F6F77D6007BE51C /* AppController.h */ = {isa = PBXFileReference; lastKnownFileType = sourcecode.c.h; path = AppController.h; sourceTree = "<group>"; };
		1AF87B481F6F77D6007BE51C /* AppController.mm */ = {isa = PBXFileReference; lastKnownFileType = sourcecode.cpp.objcpp; path = AppController.mm; sourceTree = "<group>"; };
		1AF87B581F6F77D6007BE51C /* Info.plist */ = {isa = PBXFileReference; lastKnownFileType = text.plist.xml; path = Info.plist; sourceTree = "<group>"; };
		1AF87B591F6F77D6007BE51C /* LaunchScreen.storyboard */ = {isa = PBXFileReference; lastKnownFileType = file.storyboard; path = LaunchScreen.storyboard; sourceTree = "<group>"; };
		1AF87B5A1F6F77D6007BE51C /* LaunchScreenBackground.png */ = {isa = PBXFileReference; lastKnownFileType = image.png; path = LaunchScreenBackground.png; sourceTree = "<group>"; };
		1AF87B5B1F6F77D6007BE51C /* main.m */ = {isa = PBXFileReference; lastKnownFileType = sourcecode.c.objc; path = main.m; sourceTree = "<group>"; };
		1AF87B5C1F6F77D6007BE51C /* Prefix.pch */ = {isa = PBXFileReference; lastKnownFileType = sourcecode.c.h; path = Prefix.pch; sourceTree = "<group>"; };
		1AF87B5D1F6F77D6007BE51C /* RootViewController.h */ = {isa = PBXFileReference; lastKnownFileType = sourcecode.c.h; path = RootViewController.h; sourceTree = "<group>"; };
		1AF87B5E1F6F77D6007BE51C /* RootViewController.mm */ = {isa = PBXFileReference; lastKnownFileType = sourcecode.cpp.objcpp; path = RootViewController.mm; sourceTree = "<group>"; };
		1D30AB110D05D00D00671497 /* Foundation.framework */ = {isa = PBXFileReference; lastKnownFileType = wrapper.framework; name = Foundation.framework; path = System/Library/Frameworks/Foundation.framework; sourceTree = SDKROOT; };
		1D6058910D05DD3D006BFB54 /* CrystalCave.Edge-mobile.app */ = {isa = PBXFileReference; explicitFileType = wrapper.application; includeInIndex = 0; path = "CrystalCave.Edge-mobile.app"; sourceTree = BUILT_PRODUCTS_DIR; };
		1DF5F4DF0D08C38300B7A737 /* UIKit.framework */ = {isa = PBXFileReference; lastKnownFileType = wrapper.framework; name = UIKit.framework; path = System/Library/Frameworks/UIKit.framework; sourceTree = SDKROOT; };
		288765A40DF7441C002DB57D /* CoreGraphics.framework */ = {isa = PBXFileReference; lastKnownFileType = wrapper.framework; name = CoreGraphics.framework; path = System/Library/Frameworks/CoreGraphics.framework; sourceTree = SDKROOT; };
		294D0D631D0D56D500F7F5D4 /* CoreText.framework */ = {isa = PBXFileReference; lastKnownFileType = wrapper.framework; name = CoreText.framework; path = Platforms/iPhoneOS.platform/Developer/SDKs/iPhoneOS.sdk/System/Library/Frameworks/CoreText.framework; sourceTree = DEVELOPER_DIR; };
		2B3E107C22701BF900A792CF /* bottom.elecfence.128x128.png */ = {isa = PBXFileReference; lastKnownFileType = image.png; path = bottom.elecfence.128x128.png; sourceTree = "<group>"; };
		2B3E107F22701C7700A792CF /* west.elecfence.128x128.png */ = {isa = PBXFileReference; lastKnownFileType = image.png; path = west.elecfence.128x128.png; sourceTree = "<group>"; };
		2B3E108222701CD400A792CF /* top.elecfence.128x128.png */ = {isa = PBXFileReference; lastKnownFileType = image.png; path = top.elecfence.128x128.png; sourceTree = "<group>"; };
		2B3E10862271381400A792CF /* GameOver001.png */ = {isa = PBXFileReference; lastKnownFileType = image.png; path = GameOver001.png; sourceTree = "<group>"; };
		2B3E108C2272819C00A792CF /* space_mine.png */ = {isa = PBXFileReference; lastKnownFileType = image.png; path = space_mine.png; sourceTree = "<group>"; };
		2B5E000C2273A03E00205A72 /* game.png */ = {isa = PBXFileReference; lastKnownFileType = image.png; path = game.png; sourceTree = "<group>"; };
		2B5E00172274D2D500205A72 /* SillyMutts.h */ = {isa = PBXFileReference; lastKnownFileType = sourcecode.c.h; path = SillyMutts.h; sourceTree = "<group>"; };
		2B5E00182274D40700205A72 /* UserDataStore.h */ = {isa = PBXFileReference; fileEncoding = 4; lastKnownFileType = sourcecode.c.h; path = UserDataStore.h; sourceTree = "<group>"; };
		2B5E00192274D40800205A72 /* UserDataStore.cpp */ = {isa = PBXFileReference; fileEncoding = 4; lastKnownFileType = sourcecode.cpp.cpp; path = UserDataStore.cpp; sourceTree = "<group>"; };
		2B5E001E2274E0F700205A72 /* Sound */ = {isa = PBXFileReference; lastKnownFileType = folder; path = Sound; sourceTree = "<group>"; };
		2B5E00212274E36E00205A72 /* box.red.hollow.64.64.png */ = {isa = PBXFileReference; lastKnownFileType = image.png; path = box.red.hollow.64.64.png; sourceTree = "<group>"; };
		2B5E00252274E38900205A72 /* box.red.hollow.32.32.png */ = {isa = PBXFileReference; lastKnownFileType = image.png; path = box.red.hollow.32.32.png; sourceTree = "<group>"; };
		2B5E0036227544BD00205A72 /* box.red.32.32.png */ = {isa = PBXFileReference; lastKnownFileType = image.png; path = box.red.32.32.png; sourceTree = "<group>"; };
		2B730E53226CB1D2005DCD3F /* QuartzCrystalWest.png */ = {isa = PBXFileReference; lastKnownFileType = image.png; path = QuartzCrystalWest.png; sourceTree = "<group>"; };
		2B730E56226CB1D3005DCD3F /* QuartzCrystalSouth.png */ = {isa = PBXFileReference; lastKnownFileType = image.png; path = QuartzCrystalSouth.png; sourceTree = "<group>"; };
		2B730E58226CB1D3005DCD3F /* QuartzCrystalEast.png */ = {isa = PBXFileReference; lastKnownFileType = image.png; path = QuartzCrystalEast.png; sourceTree = "<group>"; };
		2B730E66226CC7DC005DCD3F /* crystal_cav.pes */ = {isa = PBXFileReference; lastKnownFileType = file; path = crystal_cav.pes; sourceTree = "<group>"; };
		2B730E6C226CC8E1005DCD3F /* crystal_cave.plist */ = {isa = PBXFileReference; fileEncoding = 4; lastKnownFileType = text.plist.xml; path = crystal_cave.plist; sourceTree = "<group>"; };
		2B730E6F226CCFFC005DCD3F /* QuartzCrystalNorth.png */ = {isa = PBXFileReference; lastKnownFileType = image.png; path = QuartzCrystalNorth.png; sourceTree = "<group>"; };
		2B730E70226CCFFD005DCD3F /* QuartzCrystalNorth3.png */ = {isa = PBXFileReference; lastKnownFileType = image.png; path = QuartzCrystalNorth3.png; sourceTree = "<group>"; };
		2B730E75226D6CE8005DCD3F /* QuartzCrystalNorthFliped.png */ = {isa = PBXFileReference; lastKnownFileType = image.png; path = QuartzCrystalNorthFliped.png; sourceTree = "<group>"; };
		2B730E76226D6CE8005DCD3F /* QuartzCrystalNorthFliped3.png */ = {isa = PBXFileReference; lastKnownFileType = image.png; path = QuartzCrystalNorthFliped3.png; sourceTree = "<group>"; };
		2B7E8B35227DEC460099AD4B /* Object.h */ = {isa = PBXFileReference; fileEncoding = 4; lastKnownFileType = sourcecode.c.h; path = Object.h; sourceTree = "<group>"; };
		2B7E8B37227DEC460099AD4B /* Tile.h */ = {isa = PBXFileReference; fileEncoding = 4; lastKnownFileType = sourcecode.c.h; path = Tile.h; sourceTree = "<group>"; };
		2B7E8B38227DEC470099AD4B /* Element.cpp */ = {isa = PBXFileReference; fileEncoding = 4; lastKnownFileType = sourcecode.cpp.cpp; path = Element.cpp; sourceTree = "<group>"; };
		2B7E8B39227DEC470099AD4B /* TileLayer.cpp */ = {isa = PBXFileReference; fileEncoding = 4; lastKnownFileType = sourcecode.cpp.cpp; path = TileLayer.cpp; sourceTree = "<group>"; };
		2B7E8B3A227DEC470099AD4B /* ObjectGroup.cpp */ = {isa = PBXFileReference; fileEncoding = 4; lastKnownFileType = sourcecode.cpp.cpp; path = ObjectGroup.cpp; sourceTree = "<group>"; };
		2B7E8B3B227DEC480099AD4B /* Tile.cpp */ = {isa = PBXFileReference; fileEncoding = 4; lastKnownFileType = sourcecode.cpp.cpp; path = Tile.cpp; sourceTree = "<group>"; };
		2B7E8B3C227DEC480099AD4B /* TileLayer.h */ = {isa = PBXFileReference; fileEncoding = 4; lastKnownFileType = sourcecode.c.h; path = TileLayer.h; sourceTree = "<group>"; };
		2B7E8B3D227DEC480099AD4B /* TileSet.cpp */ = {isa = PBXFileReference; fileEncoding = 4; lastKnownFileType = sourcecode.cpp.cpp; path = TileSet.cpp; sourceTree = "<group>"; };
		2B7E8B3E227DEC480099AD4B /* TileSet.h */ = {isa = PBXFileReference; fileEncoding = 4; lastKnownFileType = sourcecode.c.h; path = TileSet.h; sourceTree = "<group>"; };
		2B7E8B3F227DEC490099AD4B /* ObjectGroup.h */ = {isa = PBXFileReference; fileEncoding = 4; lastKnownFileType = sourcecode.c.h; path = ObjectGroup.h; sourceTree = "<group>"; };
		2B7E8B40227DEC490099AD4B /* TileMap.h */ = {isa = PBXFileReference; fileEncoding = 4; lastKnownFileType = sourcecode.c.h; path = TileMap.h; sourceTree = "<group>"; };
		2B7E8B41227DEC490099AD4B /* TileMap.cpp */ = {isa = PBXFileReference; fileEncoding = 4; lastKnownFileType = sourcecode.cpp.cpp; path = TileMap.cpp; sourceTree = "<group>"; };
		2B7E8B42227DEC4A0099AD4B /* Object.cpp */ = {isa = PBXFileReference; fileEncoding = 4; lastKnownFileType = sourcecode.cpp.cpp; path = Object.cpp; sourceTree = "<group>"; };
		2B7E8B43227DEC4A0099AD4B /* Element.h */ = {isa = PBXFileReference; fileEncoding = 4; lastKnownFileType = sourcecode.c.h; path = Element.h; sourceTree = "<group>"; };
		2B85D47B226653D7005F5DD1 /* MyMacros.h */ = {isa = PBXFileReference; fileEncoding = 4; lastKnownFileType = sourcecode.c.h; path = MyMacros.h; sourceTree = "<group>"; };
		2B85D47D2267F951005F5DD1 /* TMX-Cave */ = {isa = PBXFileReference; lastKnownFileType = folder; path = "TMX-Cave"; sourceTree = "<group>"; };
		2B85D4802267F9F6005F5DD1 /* MyTMX.cpp */ = {isa = PBXFileReference; lastKnownFileType = sourcecode.cpp.cpp; path = MyTMX.cpp; sourceTree = "<group>"; };
		2B85D4812267F9F6005F5DD1 /* MyTMX.h */ = {isa = PBXFileReference; lastKnownFileType = sourcecode.c.h; path = MyTMX.h; sourceTree = "<group>"; };
		2BC09FF5226A7E9E0089757F /* star-space-x.png */ = {isa = PBXFileReference; lastKnownFileType = image.png; path = "star-space-x.png"; sourceTree = "<group>"; };
		2BC0A00C226C27B50089757F /* PhysicsShapeCache.cpp */ = {isa = PBXFileReference; fileEncoding = 4; lastKnownFileType = sourcecode.cpp.cpp; path = PhysicsShapeCache.cpp; sourceTree = "<group>"; };
		2BC0A00D226C27B50089757F /* PhysicsShapeCache.h */ = {isa = PBXFileReference; fileEncoding = 4; lastKnownFileType = sourcecode.c.h; path = PhysicsShapeCache.h; sourceTree = "<group>"; };
		2BDAC155225AFE2000CA02D9 /* Spike.png */ = {isa = PBXFileReference; lastKnownFileType = image.png; path = Spike.png; sourceTree = "<group>"; };
		2BDAC156225AFE2000CA02D9 /* AcidTop.png */ = {isa = PBXFileReference; lastKnownFileType = image.png; path = AcidTop.png; sourceTree = "<group>"; };
		2BDAC15C225AFE2400CA02D9 /* Acid.png */ = {isa = PBXFileReference; lastKnownFileType = image.png; path = Acid.png; sourceTree = "<group>"; };
		2BDAC166225C244700CA02D9 /* space-cave.jpg */ = {isa = PBXFileReference; lastKnownFileType = image.jpeg; path = "space-cave.jpg"; sourceTree = "<group>"; };
		2BDAC169225C299D00CA02D9 /* stalactite.png */ = {isa = PBXFileReference; lastKnownFileType = image.png; path = stalactite.png; sourceTree = "<group>"; };
		2BDAC16C225C2A2000CA02D9 /* geyzer.png */ = {isa = PBXFileReference; lastKnownFileType = image.png; path = geyzer.png; sourceTree = "<group>"; };
		2BDAC16D225C2A2100CA02D9 /* rock-column.png */ = {isa = PBXFileReference; lastKnownFileType = image.png; path = "rock-column.png"; sourceTree = "<group>"; };
		2BDAC16E225C2A2200CA02D9 /* pipe.png */ = {isa = PBXFileReference; lastKnownFileType = image.png; path = pipe.png; sourceTree = "<group>"; };
		2BDAC176225C39A600CA02D9 /* lava-block-4.png */ = {isa = PBXFileReference; lastKnownFileType = image.png; path = "lava-block-4.png"; sourceTree = "<group>"; };
		2BDAC177225C39A700CA02D9 /* lava-block-2.png */ = {isa = PBXFileReference; lastKnownFileType = image.png; path = "lava-block-2.png"; sourceTree = "<group>"; };
		2BDAC178225C39A700CA02D9 /* lava-block-3.png */ = {isa = PBXFileReference; lastKnownFileType = image.png; path = "lava-block-3.png"; sourceTree = "<group>"; };
		2BDAC179225C39A800CA02D9 /* lava-block-1.png */ = {isa = PBXFileReference; lastKnownFileType = image.png; path = "lava-block-1.png"; sourceTree = "<group>"; };
		2BEB97B11FFDE24300BB5777 /* dc64.128.png */ = {isa = PBXFileReference; lastKnownFileType = image.png; path = dc64.128.png; sourceTree = "<group>"; };
		2BEB97BF1FFDE24600BB5777 /* vfinish.png */ = {isa = PBXFileReference; lastKnownFileType = image.png; path = vfinish.png; sourceTree = "<group>"; };
		2BEB97DB1FFDE25A00BB5777 /* Success.jpeg */ = {isa = PBXFileReference; lastKnownFileType = image.jpeg; path = Success.jpeg; sourceTree = "<group>"; };
		2BEB97DE1FFDE25B00BB5777 /* animation_explosion.png */ = {isa = PBXFileReference; lastKnownFileType = image.png; path = animation_explosion.png; sourceTree = "<group>"; };
		2BEB97E61FFDE25E00BB5777 /* GameOver.png */ = {isa = PBXFileReference; lastKnownFileType = image.png; path = GameOver.png; sourceTree = "<group>"; };
		2BEB97F61FFDE26400BB5777 /* animation_explosion.plist */ = {isa = PBXFileReference; fileEncoding = 4; lastKnownFileType = text.plist.xml; path = animation_explosion.plist; sourceTree = "<group>"; };
		2BEB97F91FFDE26600BB5777 /* QuartzCrystal.128.png */ = {isa = PBXFileReference; lastKnownFileType = image.png; path = QuartzCrystal.128.png; sourceTree = "<group>"; };
		2BEB98041FFDE26900BB5777 /* gas-station.png */ = {isa = PBXFileReference; lastKnownFileType = image.png; path = "gas-station.png"; sourceTree = "<group>"; };
		2BEB98061FFDE26A00BB5777 /* red_falcon.png */ = {isa = PBXFileReference; lastKnownFileType = image.png; path = red_falcon.png; sourceTree = "<group>"; };
		2BEB99111FFDE28100BB5777 /* OptionLayer.h */ = {isa = PBXFileReference; fileEncoding = 4; lastKnownFileType = sourcecode.c.h; path = OptionLayer.h; sourceTree = "<group>"; };
		2BEB99121FFDE28100BB5777 /* GameLayer.cpp */ = {isa = PBXFileReference; fileEncoding = 4; lastKnownFileType = sourcecode.cpp.cpp; path = GameLayer.cpp; sourceTree = "<group>"; };
		2BEB99131FFDE28100BB5777 /* GLVertFence.cpp */ = {isa = PBXFileReference; fileEncoding = 4; lastKnownFileType = sourcecode.cpp.cpp; path = GLVertFence.cpp; sourceTree = "<group>"; };
		2BEB99141FFDE28100BB5777 /* SceneManager.cpp */ = {isa = PBXFileReference; fileEncoding = 4; lastKnownFileType = sourcecode.cpp.cpp; path = SceneManager.cpp; sourceTree = "<group>"; };
		2BEB99151FFDE28100BB5777 /* Mine.h */ = {isa = PBXFileReference; fileEncoding = 4; lastKnownFileType = sourcecode.c.h; path = Mine.h; sourceTree = "<group>"; };
		2BEB99171FFDE28200BB5777 /* LabelManager.cpp */ = {isa = PBXFileReference; fileEncoding = 4; lastKnownFileType = sourcecode.cpp.cpp; path = LabelManager.cpp; sourceTree = "<group>"; };
		2BEB99181FFDE28200BB5777 /* HostileObject.h */ = {isa = PBXFileReference; fileEncoding = 4; lastKnownFileType = sourcecode.c.h; path = HostileObject.h; sourceTree = "<group>"; };
		2BEB99191FFDE28300BB5777 /* GameObject.cpp */ = {isa = PBXFileReference; fileEncoding = 4; lastKnownFileType = sourcecode.cpp.cpp; path = GameObject.cpp; sourceTree = "<group>"; };
		2BEB991A1FFDE28300BB5777 /* LunarModule.cpp */ = {isa = PBXFileReference; fileEncoding = 4; lastKnownFileType = sourcecode.cpp.cpp; path = LunarModule.cpp; sourceTree = "<group>"; };
		2BEB991B1FFDE28300BB5777 /* Ligthning.h */ = {isa = PBXFileReference; fileEncoding = 4; lastKnownFileType = sourcecode.c.h; path = Ligthning.h; sourceTree = "<group>"; };
		2BEB991C1FFDE28300BB5777 /* Friendly.h */ = {isa = PBXFileReference; fileEncoding = 4; lastKnownFileType = sourcecode.c.h; path = Friendly.h; sourceTree = "<group>"; };
		2BEB991D1FFDE28400BB5777 /* OptionLayer.cpp */ = {isa = PBXFileReference; fileEncoding = 4; lastKnownFileType = sourcecode.cpp.cpp; path = OptionLayer.cpp; sourceTree = "<group>"; };
		2BEB991E1FFDE28400BB5777 /* HostileObject.cpp */ = {isa = PBXFileReference; fileEncoding = 4; lastKnownFileType = sourcecode.cpp.cpp; path = HostileObject.cpp; sourceTree = "<group>"; };
		2BEB991F1FFDE28400BB5777 /* GLVertFence.h */ = {isa = PBXFileReference; fileEncoding = 4; lastKnownFileType = sourcecode.c.h; path = GLVertFence.h; sourceTree = "<group>"; };
		2BEB99201FFDE28500BB5777 /* Mine.cpp */ = {isa = PBXFileReference; fileEncoding = 4; lastKnownFileType = sourcecode.cpp.cpp; path = Mine.cpp; sourceTree = "<group>"; };
		2BEB99211FFDE28500BB5777 /* FailedLayer.h */ = {isa = PBXFileReference; fileEncoding = 4; lastKnownFileType = sourcecode.c.h; path = FailedLayer.h; sourceTree = "<group>"; };
		2BEB99221FFDE28500BB5777 /* GLHorzFence.h */ = {isa = PBXFileReference; fileEncoding = 4; lastKnownFileType = sourcecode.c.h; path = GLHorzFence.h; sourceTree = "<group>"; };
		2BEB99241FFDE28600BB5777 /* CtrlLayer.h */ = {isa = PBXFileReference; fileEncoding = 4; lastKnownFileType = sourcecode.c.h; path = CtrlLayer.h; sourceTree = "<group>"; };
		2BEB99271FFDE28700BB5777 /* HudLayer.cpp */ = {isa = PBXFileReference; fileEncoding = 4; lastKnownFileType = sourcecode.cpp.cpp; path = HudLayer.cpp; sourceTree = "<group>"; };
		2BEB99281FFDE28800BB5777 /* GameLayer.h */ = {isa = PBXFileReference; fileEncoding = 4; lastKnownFileType = sourcecode.c.h; path = GameLayer.h; sourceTree = "<group>"; };
		2BEB99291FFDE28800BB5777 /* Ligthning.cpp */ = {isa = PBXFileReference; fileEncoding = 4; lastKnownFileType = sourcecode.cpp.cpp; path = Ligthning.cpp; sourceTree = "<group>"; };
		2BEB992A1FFDE28900BB5777 /* Friendly.cpp */ = {isa = PBXFileReference; fileEncoding = 4; lastKnownFileType = sourcecode.cpp.cpp; path = Friendly.cpp; sourceTree = "<group>"; };
		2BEB992B1FFDE28900BB5777 /* Utils.h */ = {isa = PBXFileReference; fileEncoding = 4; lastKnownFileType = sourcecode.c.h; path = Utils.h; sourceTree = "<group>"; };
		2BEB992E1FFDE28B00BB5777 /* BaseLayer.h */ = {isa = PBXFileReference; fileEncoding = 4; lastKnownFileType = sourcecode.c.h; path = BaseLayer.h; sourceTree = "<group>"; };
		2BEB99301FFDE28B00BB5777 /* FailedLayer.cpp */ = {isa = PBXFileReference; fileEncoding = 4; lastKnownFileType = sourcecode.cpp.cpp; path = FailedLayer.cpp; sourceTree = "<group>"; };
		2BEB99311FFDE28C00BB5777 /* SuccessLayer.h */ = {isa = PBXFileReference; fileEncoding = 4; lastKnownFileType = sourcecode.c.h; path = SuccessLayer.h; sourceTree = "<group>"; };
		2BEB99321FFDE28C00BB5777 /* GLHorzFence.cpp */ = {isa = PBXFileReference; fileEncoding = 4; lastKnownFileType = sourcecode.cpp.cpp; path = GLHorzFence.cpp; sourceTree = "<group>"; };
		2BEB99331FFDE28D00BB5777 /* AppDelegate.h */ = {isa = PBXFileReference; fileEncoding = 4; lastKnownFileType = sourcecode.c.h; path = AppDelegate.h; sourceTree = "<group>"; };
		2BEB99341FFDE28D00BB5777 /* BaseLayer.cpp */ = {isa = PBXFileReference; fileEncoding = 4; lastKnownFileType = sourcecode.cpp.cpp; path = BaseLayer.cpp; sourceTree = "<group>"; };
		2BEB99351FFDE28E00BB5777 /* AppDelegate.cpp */ = {isa = PBXFileReference; fileEncoding = 4; lastKnownFileType = sourcecode.cpp.cpp; path = AppDelegate.cpp; sourceTree = "<group>"; };
		2BEB99361FFDE28E00BB5777 /* GLFence.cpp */ = {isa = PBXFileReference; fileEncoding = 4; lastKnownFileType = sourcecode.cpp.cpp; path = GLFence.cpp; sourceTree = "<group>"; };
		2BEB99371FFDE28F00BB5777 /* WelcomeLayer.h */ = {isa = PBXFileReference; fileEncoding = 4; lastKnownFileType = sourcecode.c.h; path = WelcomeLayer.h; sourceTree = "<group>"; };
		2BEB99381FFDE28F00BB5777 /* LabelManager.h */ = {isa = PBXFileReference; fileEncoding = 4; lastKnownFileType = sourcecode.c.h; path = LabelManager.h; sourceTree = "<group>"; };
		2BEB993A1FFDE29000BB5777 /* GameObject.h */ = {isa = PBXFileReference; fileEncoding = 4; lastKnownFileType = sourcecode.c.h; path = GameObject.h; sourceTree = "<group>"; };
		2BEB993B1FFDE29100BB5777 /* SceneManager.h */ = {isa = PBXFileReference; fileEncoding = 4; lastKnownFileType = sourcecode.c.h; path = SceneManager.h; sourceTree = "<group>"; };
		2BEB993C1FFDE29100BB5777 /* HudLayer.h */ = {isa = PBXFileReference; fileEncoding = 4; lastKnownFileType = sourcecode.c.h; path = HudLayer.h; sourceTree = "<group>"; };
		2BEB993D1FFDE29200BB5777 /* LunarModule.h */ = {isa = PBXFileReference; fileEncoding = 4; lastKnownFileType = sourcecode.c.h; path = LunarModule.h; sourceTree = "<group>"; };
		2BEB993E1FFDE29200BB5777 /* GameAssets.h */ = {isa = PBXFileReference; fileEncoding = 4; lastKnownFileType = sourcecode.c.h; path = GameAssets.h; sourceTree = "<group>"; };
		2BEB993F1FFDE29300BB5777 /* WelcomeLayer.cpp */ = {isa = PBXFileReference; fileEncoding = 4; lastKnownFileType = sourcecode.cpp.cpp; path = WelcomeLayer.cpp; sourceTree = "<group>"; };
		2BEB99401FFDE29300BB5777 /* CtrlLayer.cpp */ = {isa = PBXFileReference; fileEncoding = 4; lastKnownFileType = sourcecode.cpp.cpp; path = CtrlLayer.cpp; sourceTree = "<group>"; };
		2BEB99411FFDE29400BB5777 /* GLFence.h */ = {isa = PBXFileReference; fileEncoding = 4; lastKnownFileType = sourcecode.c.h; path = GLFence.h; sourceTree = "<group>"; };
		2BEB99441FFDE29500BB5777 /* Utils.cpp */ = {isa = PBXFileReference; fileEncoding = 4; lastKnownFileType = sourcecode.cpp.cpp; path = Utils.cpp; sourceTree = "<group>"; };
		2BEB99451FFDE29600BB5777 /* SuccessLayer.cpp */ = {isa = PBXFileReference; fileEncoding = 4; lastKnownFileType = sourcecode.cpp.cpp; path = SuccessLayer.cpp; sourceTree = "<group>"; };
		2BEB999D1FFF247800BB5777 /* SIFI_GUI */ = {isa = PBXFileReference; lastKnownFileType = folder; path = SIFI_GUI; sourceTree = "<group>"; };
		503AE0F617EB97AB00D1A890 /* Icon.icns */ = {isa = PBXFileReference; lastKnownFileType = image.icns; path = Icon.icns; sourceTree = "<group>"; };
		503AE0F717EB97AB00D1A890 /* Info.plist */ = {isa = PBXFileReference; fileEncoding = 4; lastKnownFileType = text.plist.xml; path = Info.plist; sourceTree = "<group>"; };
		503AE10317EB98FF00D1A890 /* main.cpp */ = {isa = PBXFileReference; fileEncoding = 4; lastKnownFileType = sourcecode.cpp.cpp; name = main.cpp; path = mac/main.cpp; sourceTree = "<group>"; };
		503AE10417EB98FF00D1A890 /* Prefix.pch */ = {isa = PBXFileReference; fileEncoding = 4; lastKnownFileType = sourcecode.c.h; name = Prefix.pch; path = mac/Prefix.pch; sourceTree = "<group>"; };
		503AE11117EB99EE00D1A890 /* libcurl.dylib */ = {isa = PBXFileReference; lastKnownFileType = "compiled.mach-o.dylib"; name = libcurl.dylib; path = usr/lib/libcurl.dylib; sourceTree = SDKROOT; };
		503AE11A17EB9C5A00D1A890 /* IOKit.framework */ = {isa = PBXFileReference; lastKnownFileType = wrapper.framework; name = IOKit.framework; path = System/Library/Frameworks/IOKit.framework; sourceTree = SDKROOT; };
		5087E76F17EB910900C73F5D /* CrystalCave.Edge-desktop.app */ = {isa = PBXFileReference; explicitFileType = wrapper.application; includeInIndex = 0; path = "CrystalCave.Edge-desktop.app"; sourceTree = BUILT_PRODUCTS_DIR; };
		5087E78817EB974C00C73F5D /* AppKit.framework */ = {isa = PBXFileReference; lastKnownFileType = wrapper.framework; name = AppKit.framework; path = System/Library/Frameworks/AppKit.framework; sourceTree = SDKROOT; };
		5087E78A17EB975400C73F5D /* OpenGL.framework */ = {isa = PBXFileReference; lastKnownFileType = wrapper.framework; name = OpenGL.framework; path = System/Library/Frameworks/OpenGL.framework; sourceTree = SDKROOT; };
		521A8EA819F11F5000D177D7 /* fonts */ = {isa = PBXFileReference; lastKnownFileType = folder; path = fonts; sourceTree = "<group>"; };
		52B47A461A53D09B004E4C60 /* Security.framework */ = {isa = PBXFileReference; lastKnownFileType = wrapper.framework; name = Security.framework; path = Platforms/iPhoneOS.platform/Developer/SDKs/iPhoneOS.sdk/System/Library/Frameworks/Security.framework; sourceTree = DEVELOPER_DIR; };
		8262943D1AAF051F00CB7CF7 /* Security.framework */ = {isa = PBXFileReference; lastKnownFileType = wrapper.framework; name = Security.framework; path = System/Library/Frameworks/Security.framework; sourceTree = SDKROOT; };
		BF170DB012928DE900B8313A /* OpenGLES.framework */ = {isa = PBXFileReference; lastKnownFileType = wrapper.framework; name = OpenGLES.framework; path = System/Library/Frameworks/OpenGLES.framework; sourceTree = SDKROOT; };
		BF170DB412928DE900B8313A /* libz.dylib */ = {isa = PBXFileReference; lastKnownFileType = "compiled.mach-o.dylib"; name = libz.dylib; path = usr/lib/libz.dylib; sourceTree = SDKROOT; };
		BF1C47EA1293683800B63C5D /* QuartzCore.framework */ = {isa = PBXFileReference; lastKnownFileType = wrapper.framework; name = QuartzCore.framework; path = System/Library/Frameworks/QuartzCore.framework; sourceTree = SDKROOT; };
		D44C620B132DFF330009C878 /* OpenAL.framework */ = {isa = PBXFileReference; lastKnownFileType = wrapper.framework; name = OpenAL.framework; path = System/Library/Frameworks/OpenAL.framework; sourceTree = SDKROOT; };
		D44C620D132DFF430009C878 /* AVFoundation.framework */ = {isa = PBXFileReference; lastKnownFileType = wrapper.framework; name = AVFoundation.framework; path = System/Library/Frameworks/AVFoundation.framework; sourceTree = SDKROOT; };
		D44C620F132DFF4E0009C878 /* AudioToolbox.framework */ = {isa = PBXFileReference; lastKnownFileType = wrapper.framework; name = AudioToolbox.framework; path = System/Library/Frameworks/AudioToolbox.framework; sourceTree = SDKROOT; };
		D6B0611A1803AB670077942B /* CoreMotion.framework */ = {isa = PBXFileReference; lastKnownFileType = wrapper.framework; name = CoreMotion.framework; path = Platforms/iPhoneOS.platform/Developer/SDKs/iPhoneOS.sdk/System/Library/Frameworks/CoreMotion.framework; sourceTree = DEVELOPER_DIR; };
		ED545A7B1B68A1F400C3958E /* libiconv.dylib */ = {isa = PBXFileReference; lastKnownFileType = "compiled.mach-o.dylib"; name = libiconv.dylib; path = Platforms/iPhoneOS.platform/Developer/SDKs/iPhoneOS.sdk/usr/lib/libiconv.dylib; sourceTree = DEVELOPER_DIR; };
		ED545A7D1B68A1FA00C3958E /* libiconv.dylib */ = {isa = PBXFileReference; lastKnownFileType = "compiled.mach-o.dylib"; name = libiconv.dylib; path = usr/lib/libiconv.dylib; sourceTree = SDKROOT; };
/* End PBXFileReference section */

/* Begin PBXFrameworksBuildPhase section */
		1D60588F0D05DD3D006BFB54 /* Frameworks */ = {
			isa = PBXFrameworksBuildPhase;
			buildActionMask = 2147483647;
			files = (
				294D0D641D0D56D500F7F5D4 /* CoreText.framework in Frameworks */,
				ED545A7C1B68A1F400C3958E /* libiconv.dylib in Frameworks */,
				52B47A471A53D09C004E4C60 /* Security.framework in Frameworks */,
				1AC6FB30180E99EB004C840B /* libcocos2d iOS.a in Frameworks */,
				D6B0611B1803AB670077942B /* CoreMotion.framework in Frameworks */,
				1D60589F0D05DD5A006BFB54 /* Foundation.framework in Frameworks */,
				1DF5F4E00D08C38300B7A737 /* UIKit.framework in Frameworks */,
				288765A50DF7441C002DB57D /* CoreGraphics.framework in Frameworks */,
				BF171245129291EC00B8313A /* OpenGLES.framework in Frameworks */,
				BF1712471292920000B8313A /* libz.dylib in Frameworks */,
				BF1C47F01293687400B63C5D /* QuartzCore.framework in Frameworks */,
				D44C620C132DFF330009C878 /* OpenAL.framework in Frameworks */,
				D44C620E132DFF430009C878 /* AVFoundation.framework in Frameworks */,
				D44C6210132DFF4E0009C878 /* AudioToolbox.framework in Frameworks */,
			);
			runOnlyForDeploymentPostprocessing = 0;
		};
		5087E75C17EB910900C73F5D /* Frameworks */ = {
			isa = PBXFrameworksBuildPhase;
			buildActionMask = 2147483647;
			files = (
				ED545A7E1B68A1FA00C3958E /* libiconv.dylib in Frameworks */,
				1AC6FB21180E996B004C840B /* libcocos2d Mac.a in Frameworks */,
				5087E76717EB910900C73F5D /* libz.dylib in Frameworks */,
				8262943E1AAF051F00CB7CF7 /* Security.framework in Frameworks */,
				503AE11B17EB9C5A00D1A890 /* IOKit.framework in Frameworks */,
				5087E78B17EB975400C73F5D /* OpenGL.framework in Frameworks */,
				5087E78917EB974C00C73F5D /* AppKit.framework in Frameworks */,
				5087E76317EB910900C73F5D /* Foundation.framework in Frameworks */,
				5087E76817EB910900C73F5D /* QuartzCore.framework in Frameworks */,
				5087E76917EB910900C73F5D /* OpenAL.framework in Frameworks */,
				5087E76A17EB910900C73F5D /* AVFoundation.framework in Frameworks */,
				5087E76B17EB910900C73F5D /* AudioToolbox.framework in Frameworks */,
			);
			runOnlyForDeploymentPostprocessing = 0;
		};
/* End PBXFrameworksBuildPhase section */

/* Begin PBXGroup section */
		19C28FACFE9D520D11CA2CBB /* Products */ = {
			isa = PBXGroup;
			children = (
				1D6058910D05DD3D006BFB54 /* CrystalCave.Edge-mobile.app */,
				5087E76F17EB910900C73F5D /* CrystalCave.Edge-desktop.app */,
			);
			name = Products;
			sourceTree = "<group>";
		};
		1AC6FAE6180E9839004C840B /* Products */ = {
			isa = PBXGroup;
			children = (
				1AC6FAF9180E9839004C840B /* libcocos2d Mac.a */,
				1AC6FB07180E9839004C840B /* libcocos2d iOS.a */,
				1A7533E31F6F75F6007E8E6F /* libcocos2d tvOS.a */,
			);
			name = Products;
			sourceTree = "<group>";
		};
		1AF87B461F6F77D6007BE51C /* ios */ = {
			isa = PBXGroup;
			children = (
				1A88B2631FC3D9C9005C14AE /* Images.xcassets */,
				1AF87B471F6F77D6007BE51C /* AppController.h */,
				1AF87B481F6F77D6007BE51C /* AppController.mm */,
				1AF87B581F6F77D6007BE51C /* Info.plist */,
				1AF87B591F6F77D6007BE51C /* LaunchScreen.storyboard */,
				1AF87B5A1F6F77D6007BE51C /* LaunchScreenBackground.png */,
				1AF87B5B1F6F77D6007BE51C /* main.m */,
				1AF87B5C1F6F77D6007BE51C /* Prefix.pch */,
				1AF87B5D1F6F77D6007BE51C /* RootViewController.h */,
				1AF87B5E1F6F77D6007BE51C /* RootViewController.mm */,
			);
			path = ios;
			sourceTree = "<group>";
		};
		29B97314FDCFA39411CA2CEA /* CustomTemplate */ = {
			isa = PBXGroup;
			children = (
				46880B8319C43A87006E1F66 /* Classes */,
				46880B7519C43A67006E1F66 /* Resources */,
				1AC6FAE5180E9839004C840B /* cocos2d_libs.xcodeproj */,
				29B97323FDCFA39411CA2CEA /* Frameworks */,
				1AF87B461F6F77D6007BE51C /* ios */,
				503AE10617EB990700D1A890 /* mac */,
				19C28FACFE9D520D11CA2CBB /* Products */,
			);
			name = CustomTemplate;
			sourceTree = "<group>";
		};
		29B97323FDCFA39411CA2CEA /* Frameworks */ = {
			isa = PBXGroup;
			children = (
				294D0D631D0D56D500F7F5D4 /* CoreText.framework */,
				ED545A7D1B68A1FA00C3958E /* libiconv.dylib */,
				ED545A7B1B68A1F400C3958E /* libiconv.dylib */,
				8262943D1AAF051F00CB7CF7 /* Security.framework */,
				52B47A461A53D09B004E4C60 /* Security.framework */,
				D6B0611A1803AB670077942B /* CoreMotion.framework */,
				503AE11A17EB9C5A00D1A890 /* IOKit.framework */,
				503AE11117EB99EE00D1A890 /* libcurl.dylib */,
				5087E78A17EB975400C73F5D /* OpenGL.framework */,
				5087E78817EB974C00C73F5D /* AppKit.framework */,
				1ACB3243164770DE00914215 /* libcurl.a */,
				BF170DB412928DE900B8313A /* libz.dylib */,
				D44C620F132DFF4E0009C878 /* AudioToolbox.framework */,
				D44C620D132DFF430009C878 /* AVFoundation.framework */,
				288765A40DF7441C002DB57D /* CoreGraphics.framework */,
				1D30AB110D05D00D00671497 /* Foundation.framework */,
				D44C620B132DFF330009C878 /* OpenAL.framework */,
				BF170DB012928DE900B8313A /* OpenGLES.framework */,
				BF1C47EA1293683800B63C5D /* QuartzCore.framework */,
				1DF5F4DF0D08C38300B7A737 /* UIKit.framework */,
			);
			name = Frameworks;
			sourceTree = "<group>";
		};
		2B74407B22781A0700546221 /* TMX */ = {
			isa = PBXGroup;
			children = (
				2B7E8B38227DEC470099AD4B /* Element.cpp */,
				2B7E8B43227DEC4A0099AD4B /* Element.h */,
				2B7E8B42227DEC4A0099AD4B /* Object.cpp */,
				2B7E8B35227DEC460099AD4B /* Object.h */,
				2B7E8B3A227DEC470099AD4B /* ObjectGroup.cpp */,
				2B7E8B3F227DEC490099AD4B /* ObjectGroup.h */,
				2B7E8B3B227DEC480099AD4B /* Tile.cpp */,
				2B7E8B37227DEC460099AD4B /* Tile.h */,
				2B7E8B39227DEC470099AD4B /* TileLayer.cpp */,
				2B7E8B3C227DEC480099AD4B /* TileLayer.h */,
				2B7E8B41227DEC490099AD4B /* TileMap.cpp */,
				2B7E8B40227DEC490099AD4B /* TileMap.h */,
				2B7E8B3D227DEC480099AD4B /* TileSet.cpp */,
				2B7E8B3E227DEC480099AD4B /* TileSet.h */,
			);
			path = TMX;
			sourceTree = "<group>";
		};
		2BDAC1472259A22300CA02D9 /* CtrlLayer */ = {
			isa = PBXGroup;
			children = (
				2BEB99241FFDE28600BB5777 /* CtrlLayer.h */,
				2BEB99401FFDE29300BB5777 /* CtrlLayer.cpp */,
			);
			path = CtrlLayer;
			sourceTree = "<group>";
		};
		2BDAC1482259A28E00CA02D9 /* FailLayer */ = {
			isa = PBXGroup;
			children = (
				2BEB99211FFDE28500BB5777 /* FailedLayer.h */,
				2BEB99301FFDE28B00BB5777 /* FailedLayer.cpp */,
			);
			path = FailLayer;
			sourceTree = "<group>";
		};
		2BDAC1492259A2BF00CA02D9 /* GameLayer */ = {
			isa = PBXGroup;
			children = (
				2BDAC150225ADDCF00CA02D9 /* HUD */,
				2BDAC1472259A22300CA02D9 /* CtrlLayer */,
				2BEB99281FFDE28800BB5777 /* GameLayer.h */,
				2BEB99121FFDE28100BB5777 /* GameLayer.cpp */,
				2B85D4802267F9F6005F5DD1 /* MyTMX.cpp */,
				2B85D4812267F9F6005F5DD1 /* MyTMX.h */,
			);
			path = GameLayer;
			sourceTree = "<group>";
		};
		2BDAC14A2259A32600CA02D9 /* BaseLayer */ = {
			isa = PBXGroup;
			children = (
				2BEB99341FFDE28D00BB5777 /* BaseLayer.cpp */,
				2BEB992E1FFDE28B00BB5777 /* BaseLayer.h */,
			);
			path = BaseLayer;
			sourceTree = "<group>";
		};
		2BDAC14B2259AC5700CA02D9 /* Managers */ = {
			isa = PBXGroup;
			children = (
				2BEB99141FFDE28100BB5777 /* SceneManager.cpp */,
				2BEB993B1FFDE29100BB5777 /* SceneManager.h */,
				2BEB99171FFDE28200BB5777 /* LabelManager.cpp */,
				2BEB99381FFDE28F00BB5777 /* LabelManager.h */,
				2B5E00192274D40800205A72 /* UserDataStore.cpp */,
				2B5E00182274D40700205A72 /* UserDataStore.h */,
			);
			path = Managers;
			sourceTree = "<group>";
		};
		2BDAC14C225ADCE800CA02D9 /* GameElements */ = {
			isa = PBXGroup;
			children = (
				2BDAC151225ADE1D00CA02D9 /* Base */,
				2BEB99201FFDE28500BB5777 /* Mine.cpp */,
				2BEB99151FFDE28100BB5777 /* Mine.h */,
				2BEB99361FFDE28E00BB5777 /* GLFence.cpp */,
				2BEB99411FFDE29400BB5777 /* GLFence.h */,
				2BEB99321FFDE28C00BB5777 /* GLHorzFence.cpp */,
				2BEB99221FFDE28500BB5777 /* GLHorzFence.h */,
				2BEB99131FFDE28100BB5777 /* GLVertFence.cpp */,
				2BEB991F1FFDE28400BB5777 /* GLVertFence.h */,
				2BEB99291FFDE28800BB5777 /* Ligthning.cpp */,
				2BEB991B1FFDE28300BB5777 /* Ligthning.h */,
			);
			path = GameElements;
			sourceTree = "<group>";
		};
		2BDAC14D225ADD0200CA02D9 /* Welcome */ = {
			isa = PBXGroup;
			children = (
				2BEB993F1FFDE29300BB5777 /* WelcomeLayer.cpp */,
				2BEB99371FFDE28F00BB5777 /* WelcomeLayer.h */,
			);
			path = Welcome;
			sourceTree = "<group>";
		};
		2BDAC14E225ADD2B00CA02D9 /* Options */ = {
			isa = PBXGroup;
			children = (
				2BEB991D1FFDE28400BB5777 /* OptionLayer.cpp */,
				2BEB99111FFDE28100BB5777 /* OptionLayer.h */,
			);
			path = Options;
			sourceTree = "<group>";
		};
		2BDAC14F225ADDAB00CA02D9 /* Success */ = {
			isa = PBXGroup;
			children = (
				2BEB99451FFDE29600BB5777 /* SuccessLayer.cpp */,
				2BEB99311FFDE28C00BB5777 /* SuccessLayer.h */,
			);
			path = Success;
			sourceTree = "<group>";
		};
		2BDAC150225ADDCF00CA02D9 /* HUD */ = {
			isa = PBXGroup;
			children = (
				2BEB99271FFDE28700BB5777 /* HudLayer.cpp */,
				2BEB993C1FFDE29100BB5777 /* HudLayer.h */,
			);
			name = HUD;
			path = CtrlLayer/HUD;
			sourceTree = "<group>";
		};
		2BDAC151225ADE1D00CA02D9 /* Base */ = {
			isa = PBXGroup;
			children = (
				2BEB992A1FFDE28900BB5777 /* Friendly.cpp */,
				2BEB991C1FFDE28300BB5777 /* Friendly.h */,
				2BEB99191FFDE28300BB5777 /* GameObject.cpp */,
				2BEB993A1FFDE29000BB5777 /* GameObject.h */,
				2BEB991E1FFDE28400BB5777 /* HostileObject.cpp */,
				2BEB99181FFDE28200BB5777 /* HostileObject.h */,
			);
			path = Base;
			sourceTree = "<group>";
		};
		2BDAC152225ADE5D00CA02D9 /* Player */ = {
			isa = PBXGroup;
			children = (
				2BEB991A1FFDE28300BB5777 /* LunarModule.cpp */,
				2BEB993D1FFDE29200BB5777 /* LunarModule.h */,
			);
			path = Player;
			sourceTree = "<group>";
		};
		2BDAC153225ADECD00CA02D9 /* Utils */ = {
			isa = PBXGroup;
			children = (
				2B74407B22781A0700546221 /* TMX */,
				2BC0A00C226C27B50089757F /* PhysicsShapeCache.cpp */,
				2BC0A00D226C27B50089757F /* PhysicsShapeCache.h */,
				2BEB99441FFDE29500BB5777 /* Utils.cpp */,
				2BEB992B1FFDE28900BB5777 /* Utils.h */,
			);
			path = Utils;
			sourceTree = "<group>";
		};
		2BEB99801FFE9BC300BB5777 /* Animations */ = {
			isa = PBXGroup;
			children = (
				2BEB97F61FFDE26400BB5777 /* animation_explosion.plist */,
				2BEB97DE1FFDE25B00BB5777 /* animation_explosion.png */,
			);
			path = Animations;
			sourceTree = "<group>";
		};
		2BEB99831FFE9D6300BB5777 /* Backgrounds */ = {
			isa = PBXGroup;
			children = (
				2BEB97DB1FFDE25A00BB5777 /* Success.jpeg */,
				2BEB97E61FFDE25E00BB5777 /* GameOver.png */,
			);
			name = Backgrounds;
			sourceTree = "<group>";
		};
		46880B7519C43A67006E1F66 /* Resources */ = {
			isa = PBXGroup;
			children = (
				2B5E0036227544BD00205A72 /* box.red.32.32.png */,
				2B5E001E2274E0F700205A72 /* Sound */,
				521A8EA819F11F5000D177D7 /* fonts */,
				2BEB999D1FFF247800BB5777 /* SIFI_GUI */,
				2B85D47D2267F951005F5DD1 /* TMX-Cave */,
				2B5E000C2273A03E00205A72 /* game.png */,
				2B3E108C2272819C00A792CF /* space_mine.png */,
				2B3E10862271381400A792CF /* GameOver001.png */,
				2B730E6C226CC8E1005DCD3F /* crystal_cave.plist */,
				2B730E66226CC7DC005DCD3F /* crystal_cav.pes */,
				2B730E53226CB1D2005DCD3F /* QuartzCrystalWest.png */,
				2B730E58226CB1D3005DCD3F /* QuartzCrystalEast.png */,
				2B730E6F226CCFFC005DCD3F /* QuartzCrystalNorth.png */,
				2B730E56226CB1D3005DCD3F /* QuartzCrystalSouth.png */,
				2B730E75226D6CE8005DCD3F /* QuartzCrystalNorthFliped.png */,
				2B730E70226CCFFD005DCD3F /* QuartzCrystalNorth3.png */,
				2B730E76226D6CE8005DCD3F /* QuartzCrystalNorthFliped3.png */,
				2BC09FF5226A7E9E0089757F /* star-space-x.png */,
				2BEB98041FFDE26900BB5777 /* gas-station.png */,
				2BDAC179225C39A800CA02D9 /* lava-block-1.png */,
				2BDAC177225C39A700CA02D9 /* lava-block-2.png */,
				2BDAC178225C39A700CA02D9 /* lava-block-3.png */,
				2BDAC176225C39A600CA02D9 /* lava-block-4.png */,
				2BDAC169225C299D00CA02D9 /* stalactite.png */,
				2BDAC16C225C2A2000CA02D9 /* geyzer.png */,
				2BDAC16E225C2A2200CA02D9 /* pipe.png */,
				2BDAC16D225C2A2100CA02D9 /* rock-column.png */,
				2BDAC166225C244700CA02D9 /* space-cave.jpg */,
				2BDAC15C225AFE2400CA02D9 /* Acid.png */,
				2BDAC156225AFE2000CA02D9 /* AcidTop.png */,
				2BDAC155225AFE2000CA02D9 /* Spike.png */,
				2B5E00252274E38900205A72 /* box.red.hollow.32.32.png */,
				2B5E00212274E36E00205A72 /* box.red.hollow.64.64.png */,
				2BEB99801FFE9BC300BB5777 /* Animations */,
				2BEB99831FFE9D6300BB5777 /* Backgrounds */,
				2B3E107C22701BF900A792CF /* bottom.elecfence.128x128.png */,
				2B3E108222701CD400A792CF /* top.elecfence.128x128.png */,
				2B3E107F22701C7700A792CF /* west.elecfence.128x128.png */,
				2BEB97B11FFDE24300BB5777 /* dc64.128.png */,
				2BEB97F91FFDE26600BB5777 /* QuartzCrystal.128.png */,
				2BEB98061FFDE26A00BB5777 /* red_falcon.png */,
				2BEB97BF1FFDE24600BB5777 /* vfinish.png */,
			);
			name = Resources;
			path = ../Resources;
			sourceTree = "<group>";
		};
		46880B8319C43A87006E1F66 /* Classes */ = {
			isa = PBXGroup;
			children = (
				2BEB993E1FFDE29200BB5777 /* GameAssets.h */,
				2B85D47B226653D7005F5DD1 /* MyMacros.h */,
				2BEB99331FFDE28D00BB5777 /* AppDelegate.h */,
				2BEB99351FFDE28E00BB5777 /* AppDelegate.cpp */,
				2B5E00172274D2D500205A72 /* SillyMutts.h */,
				2BDAC153225ADECD00CA02D9 /* Utils */,
				2BDAC152225ADE5D00CA02D9 /* Player */,
				2BDAC14B2259AC5700CA02D9 /* Managers */,
				2BDAC14A2259A32600CA02D9 /* BaseLayer */,
				2BDAC14D225ADD0200CA02D9 /* Welcome */,
				2BDAC14E225ADD2B00CA02D9 /* Options */,
				2BDAC1492259A2BF00CA02D9 /* GameLayer */,
				2BDAC1482259A28E00CA02D9 /* FailLayer */,
				2BDAC14F225ADDAB00CA02D9 /* Success */,
				2BDAC14C225ADCE800CA02D9 /* GameElements */,
			);
			name = Classes;
			path = ../Classes;
			sourceTree = "<group>";
		};
		503AE0F517EB97AB00D1A890 /* Icons */ = {
			isa = PBXGroup;
			children = (
				503AE0F617EB97AB00D1A890 /* Icon.icns */,
				503AE0F717EB97AB00D1A890 /* Info.plist */,
			);
			name = Icons;
			path = mac;
			sourceTree = SOURCE_ROOT;
		};
		503AE10617EB990700D1A890 /* mac */ = {
			isa = PBXGroup;
			children = (
				503AE0F517EB97AB00D1A890 /* Icons */,
				503AE10317EB98FF00D1A890 /* main.cpp */,
				503AE10417EB98FF00D1A890 /* Prefix.pch */,
			);
			name = mac;
			sourceTree = "<group>";
		};
/* End PBXGroup section */

/* Begin PBXNativeTarget section */
		1D6058900D05DD3D006BFB54 /* CrystalCave.Edge-mobile */ = {
			isa = PBXNativeTarget;
			buildConfigurationList = 1D6058960D05DD3E006BFB54 /* Build configuration list for PBXNativeTarget "CrystalCave.Edge-mobile" */;
			buildPhases = (
				1D60588D0D05DD3D006BFB54 /* Resources */,
				1D60588E0D05DD3D006BFB54 /* Sources */,
				1D60588F0D05DD3D006BFB54 /* Frameworks */,
			);
			buildRules = (
			);
			dependencies = (
				1AC6FB25180E99E1004C840B /* PBXTargetDependency */,
			);
			name = "CrystalCave.Edge-mobile";
			productName = iphone;
			productReference = 1D6058910D05DD3D006BFB54 /* CrystalCave.Edge-mobile.app */;
			productType = "com.apple.product-type.application";
		};
		5087E73D17EB910900C73F5D /* CrystalCave.Edge-desktop */ = {
			isa = PBXNativeTarget;
			buildConfigurationList = 5087E76C17EB910900C73F5D /* Build configuration list for PBXNativeTarget "CrystalCave.Edge-desktop" */;
			buildPhases = (
				5087E74817EB910900C73F5D /* Resources */,
				5087E75617EB910900C73F5D /* Sources */,
				5087E75C17EB910900C73F5D /* Frameworks */,
			);
			buildRules = (
			);
			dependencies = (
				1AC6FB16180E9959004C840B /* PBXTargetDependency */,
			);
			name = "CrystalCave.Edge-desktop";
			productName = iphone;
			productReference = 5087E76F17EB910900C73F5D /* CrystalCave.Edge-desktop.app */;
			productType = "com.apple.product-type.application";
		};
/* End PBXNativeTarget section */

/* Begin PBXProject section */
		29B97313FDCFA39411CA2CEA /* Project object */ = {
			isa = PBXProject;
			attributes = {
				LastUpgradeCheck = 0500;
				TargetAttributes = {
					1D6058900D05DD3D006BFB54 = {
						DevelopmentTeam = 35866CQWBP;
						ProvisioningStyle = Automatic;
					};
				};
			};
			buildConfigurationList = C01FCF4E08A954540054247B /* Build configuration list for PBXProject "CrystalCave.Edge" */;
			compatibilityVersion = "Xcode 3.2";
			developmentRegion = English;
			hasScannedForEncodings = 1;
			knownRegions = (
				English,
				Japanese,
				French,
				German,
			);
			mainGroup = 29B97314FDCFA39411CA2CEA /* CustomTemplate */;
			projectDirPath = "";
			projectReferences = (
				{
					ProductGroup = 1AC6FAE6180E9839004C840B /* Products */;
					ProjectRef = 1AC6FAE5180E9839004C840B /* cocos2d_libs.xcodeproj */;
				},
			);
			projectRoot = "";
			targets = (
				1D6058900D05DD3D006BFB54 /* CrystalCave.Edge-mobile */,
				5087E73D17EB910900C73F5D /* CrystalCave.Edge-desktop */,
			);
		};
/* End PBXProject section */

/* Begin PBXReferenceProxy section */
		1A7533E31F6F75F6007E8E6F /* libcocos2d tvOS.a */ = {
			isa = PBXReferenceProxy;
			fileType = archive.ar;
			path = "libcocos2d tvOS.a";
			remoteRef = 1A7533E21F6F75F6007E8E6F /* PBXContainerItemProxy */;
			sourceTree = BUILT_PRODUCTS_DIR;
		};
		1AC6FAF9180E9839004C840B /* libcocos2d Mac.a */ = {
			isa = PBXReferenceProxy;
			fileType = archive.ar;
			path = "libcocos2d Mac.a";
			remoteRef = 1AC6FAF8180E9839004C840B /* PBXContainerItemProxy */;
			sourceTree = BUILT_PRODUCTS_DIR;
		};
		1AC6FB07180E9839004C840B /* libcocos2d iOS.a */ = {
			isa = PBXReferenceProxy;
			fileType = archive.ar;
			path = "libcocos2d iOS.a";
			remoteRef = 1AC6FB06180E9839004C840B /* PBXContainerItemProxy */;
			sourceTree = BUILT_PRODUCTS_DIR;
		};
/* End PBXReferenceProxy section */

/* Begin PBXResourcesBuildPhase section */
		1D60588D0D05DD3D006BFB54 /* Resources */ = {
			isa = PBXResourcesBuildPhase;
			buildActionMask = 2147483647;
			files = (
				2B730E68226CC7DD005DCD3F /* crystal_cav.pes in Resources */,
				2B5E00282274E38900205A72 /* box.red.hollow.32.32.png in Resources */,
				2B5E00222274E36E00205A72 /* box.red.hollow.64.64.png in Resources */,
				1A88B2641FC3D9C9005C14AE /* Images.xcassets in Resources */,
				2B5E000E2273A03E00205A72 /* game.png in Resources */,
				2B5E001F2274E0F800205A72 /* Sound in Resources */,
				2BDAC15E225AFE2500CA02D9 /* Spike.png in Resources */,
				2BC09FF7226A7E9E0089757F /* star-space-x.png in Resources */,
				2B3E108022701C7700A792CF /* west.elecfence.128x128.png in Resources */,
				521A8EA919F11F5000D177D7 /* fonts in Resources */,
				2B5E0037227544BD00205A72 /* box.red.32.32.png in Resources */,
				2BEB982A1FFDE27500BB5777 /* dc64.128.png in Resources */,
				2B730E61226CB1D3005DCD3F /* QuartzCrystalEast.png in Resources */,
				2B730E71226CCFFD005DCD3F /* QuartzCrystalNorth.png in Resources */,
				2BEB98D41FFDE27500BB5777 /* red_falcon.png in Resources */,
				2BDAC173225C2A2200CA02D9 /* pipe.png in Resources */,
				2B3E107D22701BF900A792CF /* bottom.elecfence.128x128.png in Resources */,
				2BDAC180225C39A800CA02D9 /* lava-block-1.png in Resources */,
				2BDAC17E225C39A800CA02D9 /* lava-block-3.png in Resources */,
				2BDAC167225C244800CA02D9 /* space-cave.jpg in Resources */,
				2BEB98461FFDE27500BB5777 /* vfinish.png in Resources */,
				1AF87B891F6F781D007BE51C /* LaunchScreenBackground.png in Resources */,
				2BEB98D01FFDE27500BB5777 /* gas-station.png in Resources */,
				2BDAC171225C2A2200CA02D9 /* rock-column.png in Resources */,
				2B3E108322701CD400A792CF /* top.elecfence.128x128.png in Resources */,
				2BEB98941FFDE27500BB5777 /* GameOver.png in Resources */,
				2B730E6D226CC8E1005DCD3F /* crystal_cave.plist in Resources */,
				2BDAC15F225AFE2500CA02D9 /* AcidTop.png in Resources */,
				2BDAC17A225C39A800CA02D9 /* lava-block-4.png in Resources */,
				2B3E10882271381500A792CF /* GameOver001.png in Resources */,
				2BEB999E1FFF247900BB5777 /* SIFI_GUI in Resources */,
				2BDAC165225AFE2500CA02D9 /* Acid.png in Resources */,
				2BEB987E1FFDE27500BB5777 /* Success.jpeg in Resources */,
				2BEB98B41FFDE27500BB5777 /* animation_explosion.plist in Resources */,
				2B730E59226CB1D3005DCD3F /* QuartzCrystalWest.png in Resources */,
				2B85D47E2267F951005F5DD1 /* TMX-Cave in Resources */,
				2BDAC16F225C2A2200CA02D9 /* geyzer.png in Resources */,
				2B730E79226D6CE8005DCD3F /* QuartzCrystalNorthFliped3.png in Resources */,
				2B730E73226CCFFD005DCD3F /* QuartzCrystalNorth3.png in Resources */,
				2B3E108E2272819C00A792CF /* space_mine.png in Resources */,
				2B730E77226D6CE8005DCD3F /* QuartzCrystalNorthFliped.png in Resources */,
				2BDAC16A225C299D00CA02D9 /* stalactite.png in Resources */,
				2BEB98BA1FFDE27500BB5777 /* QuartzCrystal.128.png in Resources */,
				2BEB98841FFDE27500BB5777 /* animation_explosion.png in Resources */,
				2BDAC17C225C39A800CA02D9 /* lava-block-2.png in Resources */,
				2B730E5D226CB1D3005DCD3F /* QuartzCrystalSouth.png in Resources */,
				1AF87B881F6F781D007BE51C /* LaunchScreen.storyboard in Resources */,
			);
			runOnlyForDeploymentPostprocessing = 0;
		};
		5087E74817EB910900C73F5D /* Resources */ = {
			isa = PBXResourcesBuildPhase;
			buildActionMask = 2147483647;
			files = (
				2B5E00292274E38900205A72 /* box.red.hollow.32.32.png in Resources */,
				2BC09FF8226A7E9E0089757F /* star-space-x.png in Resources */,
				2BDAC172225C2A2200CA02D9 /* rock-column.png in Resources */,
				2BDAC170225C2A2200CA02D9 /* geyzer.png in Resources */,
				2B3E108122701C7700A792CF /* west.elecfence.128x128.png in Resources */,
				2BDAC181225C39A800CA02D9 /* lava-block-1.png in Resources */,
				2B730E78226D6CE8005DCD3F /* QuartzCrystalNorthFliped.png in Resources */,
				2B730E62226CB1D3005DCD3F /* QuartzCrystalEast.png in Resources */,
				2B85D47F2267F951005F5DD1 /* TMX-Cave in Resources */,
				2BEB98471FFDE27500BB5777 /* vfinish.png in Resources */,
				503AE0F817EB97AB00D1A890 /* Icon.icns in Resources */,
				2B730E5A226CB1D3005DCD3F /* QuartzCrystalWest.png in Resources */,
				2B730E69226CC7DD005DCD3F /* crystal_cav.pes in Resources */,
				2B730E6E226CC8E1005DCD3F /* crystal_cave.plist in Resources */,
				2BDAC17D225C39A800CA02D9 /* lava-block-2.png in Resources */,
				2B5E00232274E36E00205A72 /* box.red.hollow.64.64.png in Resources */,
				2B730E74226CCFFD005DCD3F /* QuartzCrystalNorth3.png in Resources */,
				2BDAC168225C244800CA02D9 /* space-cave.jpg in Resources */,
				2B5E0038227544BD00205A72 /* box.red.32.32.png in Resources */,
				2B3E10892271381500A792CF /* GameOver001.png in Resources */,
				2B3E107E22701BF900A792CF /* bottom.elecfence.128x128.png in Resources */,
				2BEB98851FFDE27500BB5777 /* animation_explosion.png in Resources */,
				2BDAC16B225C299D00CA02D9 /* stalactite.png in Resources */,
				2BEB98D11FFDE27500BB5777 /* gas-station.png in Resources */,
				2BEB987F1FFDE27500BB5777 /* Success.jpeg in Resources */,
				2B730E5E226CB1D3005DCD3F /* QuartzCrystalSouth.png in Resources */,
				2B730E72226CCFFD005DCD3F /* QuartzCrystalNorth.png in Resources */,
				2BEB98B51FFDE27500BB5777 /* animation_explosion.plist in Resources */,
				2BDAC17F225C39A800CA02D9 /* lava-block-3.png in Resources */,
				2BEB999F1FFF247900BB5777 /* SIFI_GUI in Resources */,
				2BDAC17B225C39A800CA02D9 /* lava-block-4.png in Resources */,
				2B730E7A226D6CE8005DCD3F /* QuartzCrystalNorthFliped3.png in Resources */,
				2B3E108422701CD400A792CF /* top.elecfence.128x128.png in Resources */,
				2BEB982B1FFDE27500BB5777 /* dc64.128.png in Resources */,
				2BEB98951FFDE27500BB5777 /* GameOver.png in Resources */,
				2B3E108F2272819C00A792CF /* space_mine.png in Resources */,
				2B5E00202274E0F800205A72 /* Sound in Resources */,
				2B5E00132273C5BA00205A72 /* game.png in Resources */,
				2BEB98D51FFDE27500BB5777 /* red_falcon.png in Resources */,
				2BEB98BB1FFDE27500BB5777 /* QuartzCrystal.128.png in Resources */,
				2BDAC174225C2A2200CA02D9 /* pipe.png in Resources */,
				521A8EAA19F11F5000D177D7 /* fonts in Resources */,
			);
			runOnlyForDeploymentPostprocessing = 0;
		};
/* End PBXResourcesBuildPhase section */

/* Begin PBXSourcesBuildPhase section */
		1D60588E0D05DD3D006BFB54 /* Sources */ = {
			isa = PBXSourcesBuildPhase;
			buildActionMask = 2147483647;
			files = (
				2B85D48422681E96005F5DD1 /* MyMacros.h in Sources */,
				2BEB99491FFDE29700BB5777 /* GLVertFence.cpp in Sources */,
				2B7E8B48227DEC4A0099AD4B /* ObjectGroup.cpp in Sources */,
				1AF87B781F6F77F7007BE51C /* AppController.mm in Sources */,
				2BEB99791FFDE29700BB5777 /* SuccessLayer.cpp in Sources */,
				2BEB994B1FFDE29700BB5777 /* SceneManager.cpp in Sources */,
				2B5E001A2274D40800205A72 /* UserDataStore.cpp in Sources */,
				2B7E8B4A227DEC4A0099AD4B /* Tile.cpp in Sources */,
				2BEB99571FFDE29700BB5777 /* HostileObject.cpp in Sources */,
				2BEB996B1FFDE29700BB5777 /* GLHorzFence.cpp in Sources */,
				2B85D4822267F9F6005F5DD1 /* MyTMX.cpp in Sources */,
				2BEB994F1FFDE29700BB5777 /* LabelManager.cpp in Sources */,
				2B7E8B4C227DEC4A0099AD4B /* TileSet.cpp in Sources */,
				2BC0A00E226C27B50089757F /* PhysicsShapeCache.cpp in Sources */,
				2BEB99691FFDE29700BB5777 /* FailedLayer.cpp in Sources */,
				2BEB99751FFDE29700BB5777 /* CtrlLayer.cpp in Sources */,
				2BEB99471FFDE29700BB5777 /* GameLayer.cpp in Sources */,
				2BEB99731FFDE29700BB5777 /* WelcomeLayer.cpp in Sources */,
				2B7E8B50227DEC4A0099AD4B /* Object.cpp in Sources */,
				2BEB99611FFDE29700BB5777 /* Ligthning.cpp in Sources */,
				1AF87B8B1F6F782A007BE51C /* RootViewController.mm in Sources */,
				2BEB99551FFDE29700BB5777 /* OptionLayer.cpp in Sources */,
				2BEB995F1FFDE29700BB5777 /* HudLayer.cpp in Sources */,
				2B7E8B44227DEC4A0099AD4B /* Element.cpp in Sources */,
				1AF87B8A1F6F7822007BE51C /* main.m in Sources */,
				2B7E8B4E227DEC4A0099AD4B /* TileMap.cpp in Sources */,
				2BEB99591FFDE29700BB5777 /* Mine.cpp in Sources */,
				2BEB99711FFDE29700BB5777 /* GLFence.cpp in Sources */,
				2BEB99531FFDE29700BB5777 /* LunarModule.cpp in Sources */,
				2BEB99771FFDE29700BB5777 /* Utils.cpp in Sources */,
				2BEB996F1FFDE29700BB5777 /* AppDelegate.cpp in Sources */,
				2BEB99631FFDE29700BB5777 /* Friendly.cpp in Sources */,
				2B7E8B46227DEC4A0099AD4B /* TileLayer.cpp in Sources */,
				2BEB99511FFDE29700BB5777 /* GameObject.cpp in Sources */,
				2BEB996D1FFDE29700BB5777 /* BaseLayer.cpp in Sources */,
			);
			runOnlyForDeploymentPostprocessing = 0;
		};
		5087E75617EB910900C73F5D /* Sources */ = {
			isa = PBXSourcesBuildPhase;
			buildActionMask = 2147483647;
			files = (
				2B7E8B49227DEC4A0099AD4B /* ObjectGroup.cpp in Sources */,
				2BEB99721FFDE29700BB5777 /* GLFence.cpp in Sources */,
				2B7E8B4B227DEC4A0099AD4B /* Tile.cpp in Sources */,
				2BEB995A1FFDE29700BB5777 /* Mine.cpp in Sources */,
				2BEB99541FFDE29700BB5777 /* LunarModule.cpp in Sources */,
				2BEB99621FFDE29700BB5777 /* Ligthning.cpp in Sources */,
				2B7E8B4D227DEC4A0099AD4B /* TileSet.cpp in Sources */,
				2BEB99581FFDE29700BB5777 /* HostileObject.cpp in Sources */,
				2BEB996A1FFDE29700BB5777 /* FailedLayer.cpp in Sources */,
				2B7E8B45227DEC4A0099AD4B /* Element.cpp in Sources */,
				2B7E8B4F227DEC4A0099AD4B /* TileMap.cpp in Sources */,
				2BEB994C1FFDE29700BB5777 /* SceneManager.cpp in Sources */,
				2BEB99741FFDE29700BB5777 /* WelcomeLayer.cpp in Sources */,
				2BEB99781FFDE29700BB5777 /* Utils.cpp in Sources */,
				2B85D4832267F9F6005F5DD1 /* MyTMX.cpp in Sources */,
				503AE10517EB98FF00D1A890 /* main.cpp in Sources */,
				2BC0A00F226C27B50089757F /* PhysicsShapeCache.cpp in Sources */,
				2BEB99601FFDE29700BB5777 /* HudLayer.cpp in Sources */,
				2B7E8B51227DEC4A0099AD4B /* Object.cpp in Sources */,
				2BEB996E1FFDE29700BB5777 /* BaseLayer.cpp in Sources */,
				2BEB99481FFDE29700BB5777 /* GameLayer.cpp in Sources */,
				2BEB99761FFDE29700BB5777 /* CtrlLayer.cpp in Sources */,
				2BEB996C1FFDE29700BB5777 /* GLHorzFence.cpp in Sources */,
				2B7E8B47227DEC4A0099AD4B /* TileLayer.cpp in Sources */,
				2BEB99641FFDE29700BB5777 /* Friendly.cpp in Sources */,
				2BEB997A1FFDE29700BB5777 /* SuccessLayer.cpp in Sources */,
				2BEB99501FFDE29700BB5777 /* LabelManager.cpp in Sources */,
				2BEB99701FFDE29700BB5777 /* AppDelegate.cpp in Sources */,
				2BEB99561FFDE29700BB5777 /* OptionLayer.cpp in Sources */,
				2BEB994A1FFDE29700BB5777 /* GLVertFence.cpp in Sources */,
				2B5E001B2274D40800205A72 /* UserDataStore.cpp in Sources */,
				2BEB99521FFDE29700BB5777 /* GameObject.cpp in Sources */,
			);
			runOnlyForDeploymentPostprocessing = 0;
		};
/* End PBXSourcesBuildPhase section */

/* Begin PBXTargetDependency section */
		1AC6FB16180E9959004C840B /* PBXTargetDependency */ = {
			isa = PBXTargetDependency;
			name = "cocos2dx Mac";
			targetProxy = 1AC6FB15180E9959004C840B /* PBXContainerItemProxy */;
		};
		1AC6FB25180E99E1004C840B /* PBXTargetDependency */ = {
			isa = PBXTargetDependency;
			name = "cocos2dx iOS";
			targetProxy = 1AC6FB24180E99E1004C840B /* PBXContainerItemProxy */;
		};
/* End PBXTargetDependency section */

/* Begin XCBuildConfiguration section */
		1D6058940D05DD3E006BFB54 /* Debug */ = {
			isa = XCBuildConfiguration;
			buildSettings = {
				ALWAYS_SEARCH_USER_PATHS = YES;
				ASSETCATALOG_COMPILER_APPICON_NAME = AppIcon;
				CODE_SIGN_IDENTITY = "iPhone Developer";
				CODE_SIGN_STYLE = Automatic;
				COMPRESS_PNG_FILES = NO;
				DEVELOPMENT_TEAM = 35866CQWBP;
				ENABLE_BITCODE = NO;
				GCC_DYNAMIC_NO_PIC = NO;
				GCC_INLINES_ARE_PRIVATE_EXTERN = NO;
				GCC_PRECOMPILE_PREFIX_HEADER = YES;
				GCC_PREFIX_HEADER = ios/Prefix.pch;
				GCC_PREPROCESSOR_DEFINITIONS = (
					USE_FILE32API,
					"COCOS2D_DEBUG=1",
					"CC_ENABLE_CHIPMUNK_INTEGRATION=1",
				);
				GCC_SYMBOLS_PRIVATE_EXTERN = NO;
				HEADER_SEARCH_PATHS = "$(inherited)";
				INFOPLIST_FILE = ios/Info.plist;
				IPHONEOS_DEPLOYMENT_TARGET = 6.0;
				LIBRARY_SEARCH_PATHS = "";
				OTHER_LDFLAGS = (
					"$(_COCOS_LIB_IOS_BEGIN)",
					"$(_COCOS_LIB_IOS_END)",
				);
				PROVISIONING_PROFILE_SPECIFIER = "";
				SDKROOT = iphoneos;
				STRIP_PNG_TEXT = YES;
				TARGETED_DEVICE_FAMILY = "1,2";
				USER_HEADER_SEARCH_PATHS = "$(_COCOS_HEADER_IOS_BEGIN) $(_COCOS_HEADER_IOS_END)";
				VALID_ARCHS = "arm64 armv7";
			};
			name = Debug;
		};
		1D6058950D05DD3E006BFB54 /* Release */ = {
			isa = XCBuildConfiguration;
			buildSettings = {
				ALWAYS_SEARCH_USER_PATHS = YES;
				ASSETCATALOG_COMPILER_APPICON_NAME = AppIcon;
				CODE_SIGN_IDENTITY = "iPhone Developer";
				CODE_SIGN_STYLE = Automatic;
				COMPRESS_PNG_FILES = NO;
				DEVELOPMENT_TEAM = 35866CQWBP;
				ENABLE_BITCODE = NO;
				GCC_INLINES_ARE_PRIVATE_EXTERN = NO;
				GCC_PRECOMPILE_PREFIX_HEADER = YES;
				GCC_PREFIX_HEADER = ios/Prefix.pch;
				GCC_PREPROCESSOR_DEFINITIONS = (
					USE_FILE32API,
					"CC_ENABLE_CHIPMUNK_INTEGRATION=1",
					NDEBUG,
				);
				GCC_SYMBOLS_PRIVATE_EXTERN = NO;
				HEADER_SEARCH_PATHS = "$(inherited)";
				INFOPLIST_FILE = ios/Info.plist;
				IPHONEOS_DEPLOYMENT_TARGET = 6.0;
				LIBRARY_SEARCH_PATHS = "";
				OTHER_LDFLAGS = (
					"$(_COCOS_LIB_IOS_BEGIN)",
					"$(_COCOS_LIB_IOS_END)",
				);
				PROVISIONING_PROFILE_SPECIFIER = "";
				SDKROOT = iphoneos;
				STRIP_PNG_TEXT = YES;
				TARGETED_DEVICE_FAMILY = "1,2";
				USER_HEADER_SEARCH_PATHS = "$(_COCOS_HEADER_IOS_BEGIN) $(_COCOS_HEADER_IOS_END)";
				VALID_ARCHS = "arm64 armv7";
			};
			name = Release;
		};
		5087E76D17EB910900C73F5D /* Debug */ = {
			isa = XCBuildConfiguration;
			buildSettings = {
				ALWAYS_SEARCH_USER_PATHS = YES;
				ARCHS = "$(ARCHS_STANDARD_64_BIT)";
				CLANG_CXX_LANGUAGE_STANDARD = "c++0x";
				CLANG_CXX_LIBRARY = "libc++";
				GCC_DYNAMIC_NO_PIC = NO;
				GCC_INLINES_ARE_PRIVATE_EXTERN = NO;
				GCC_PRECOMPILE_PREFIX_HEADER = YES;
				GCC_PREFIX_HEADER = mac/Prefix.pch;
				GCC_PREPROCESSOR_DEFINITIONS = (
					USE_FILE32API,
					"COCOS2D_DEBUG=1",
					"CC_ENABLE_CHIPMUNK_INTEGRATION=1",
				);
				GCC_SYMBOLS_PRIVATE_EXTERN = NO;
				HEADER_SEARCH_PATHS = (
					"$(inherited)",
					"$(SRCROOT)/../cocos2d/external/glfw3/include/mac",
				);
				INFOPLIST_FILE = mac/Info.plist;
				LIBRARY_SEARCH_PATHS = "";
				OTHER_LDFLAGS = (
					"$(_COCOS_LIB_MAC_BEGIN)",
					"$(_COCOS_LIB_MAC_END)",
				);
				USER_HEADER_SEARCH_PATHS = "$(_COCOS_HEADER_MAC_BEGIN) $(_COCOS_HEADER_MAC_END)";
			};
			name = Debug;
		};
		5087E76E17EB910900C73F5D /* Release */ = {
			isa = XCBuildConfiguration;
			buildSettings = {
				ALWAYS_SEARCH_USER_PATHS = YES;
				ARCHS = "$(ARCHS_STANDARD_64_BIT)";
				CLANG_CXX_LANGUAGE_STANDARD = "c++0x";
				CLANG_CXX_LIBRARY = "libc++";
				GCC_INLINES_ARE_PRIVATE_EXTERN = NO;
				GCC_PRECOMPILE_PREFIX_HEADER = YES;
				GCC_PREFIX_HEADER = mac/Prefix.pch;
				GCC_PREPROCESSOR_DEFINITIONS = (
					USE_FILE32API,
					"CC_ENABLE_CHIPMUNK_INTEGRATION=1",
					NDEBUG,
				);
				GCC_SYMBOLS_PRIVATE_EXTERN = NO;
				HEADER_SEARCH_PATHS = (
					"$(inherited)",
					"$(SRCROOT)/../cocos2d/external/glfw3/include/mac",
				);
				INFOPLIST_FILE = mac/Info.plist;
				LIBRARY_SEARCH_PATHS = "";
				OTHER_LDFLAGS = (
					"$(_COCOS_LIB_MAC_BEGIN)",
					"$(_COCOS_LIB_MAC_END)",
				);
				USER_HEADER_SEARCH_PATHS = "$(_COCOS_HEADER_MAC_BEGIN) $(_COCOS_HEADER_MAC_END)";
			};
			name = Release;
		};
		C01FCF4F08A954540054247B /* Debug */ = {
			isa = XCBuildConfiguration;
			buildSettings = {
				CLANG_CXX_LANGUAGE_STANDARD = "c++0x";
				CLANG_CXX_LIBRARY = "libc++";
				COPY_PHASE_STRIP = NO;
				GCC_OPTIMIZATION_LEVEL = 0;
				GCC_WARN_ABOUT_RETURN_TYPE = YES;
				GCC_WARN_UNUSED_VARIABLE = YES;
				HEADER_SEARCH_PATHS = (
					"$(SRCROOT)/../cocos2d",
					"$(SRCROOT)/../cocos2d/cocos/audio/include",
					"$(SRCROOT)/../cocos2d/cocos",
					"$(SRCROOT)/../cocos2d/extensions",
					"$(SRCROOT)/../cocos2d/external",
					"$(SRCROOT)/../cocos2d/external/chipmunk/include/chipmunk",
					"$(SRCROOT)/../cocos2d/cocos/editor-support",
				);
				IPHONEOS_DEPLOYMENT_TARGET = 6.0;
				MACOSX_DEPLOYMENT_TARGET = 10.7;
				ONLY_ACTIVE_ARCH = YES;
				PRODUCT_NAME = "$(TARGET_NAME)";
				SDKROOT = macosx;
			};
			name = Debug;
		};
		C01FCF5008A954540054247B /* Release */ = {
			isa = XCBuildConfiguration;
			buildSettings = {
				CLANG_CXX_LANGUAGE_STANDARD = "c++0x";
				CLANG_CXX_LIBRARY = "libc++";
				GCC_WARN_ABOUT_RETURN_TYPE = YES;
				GCC_WARN_UNUSED_VARIABLE = YES;
				HEADER_SEARCH_PATHS = (
					"$(SRCROOT)/../cocos2d",
					"$(SRCROOT)/../cocos2d/cocos/audio/include",
					"$(SRCROOT)/../cocos2d/cocos",
					"$(SRCROOT)/../cocos2d/extensions",
					"$(SRCROOT)/../cocos2d/external",
					"$(SRCROOT)/../cocos2d/external/chipmunk/include/chipmunk",
					"$(SRCROOT)/../cocos2d/cocos/editor-support",
				);
				IPHONEOS_DEPLOYMENT_TARGET = 6.0;
				MACOSX_DEPLOYMENT_TARGET = 10.7;
				OTHER_CFLAGS = "-DNS_BLOCK_ASSERTIONS=1";
				PRODUCT_NAME = "$(TARGET_NAME)";
				SDKROOT = macosx;
				VALIDATE_PRODUCT = YES;
			};
			name = Release;
		};
/* End XCBuildConfiguration section */

/* Begin XCConfigurationList section */
		1D6058960D05DD3E006BFB54 /* Build configuration list for PBXNativeTarget "CrystalCave.Edge-mobile" */ = {
			isa = XCConfigurationList;
			buildConfigurations = (
				1D6058940D05DD3E006BFB54 /* Debug */,
				1D6058950D05DD3E006BFB54 /* Release */,
			);
			defaultConfigurationIsVisible = 0;
			defaultConfigurationName = Debug;
		};
		5087E76C17EB910900C73F5D /* Build configuration list for PBXNativeTarget "CrystalCave.Edge-desktop" */ = {
			isa = XCConfigurationList;
			buildConfigurations = (
				5087E76D17EB910900C73F5D /* Debug */,
				5087E76E17EB910900C73F5D /* Release */,
			);
			defaultConfigurationIsVisible = 0;
			defaultConfigurationName = Debug;
		};
		C01FCF4E08A954540054247B /* Build configuration list for PBXProject "CrystalCave.Edge" */ = {
			isa = XCConfigurationList;
			buildConfigurations = (
				C01FCF4F08A954540054247B /* Debug */,
				C01FCF5008A954540054247B /* Release */,
			);
			defaultConfigurationIsVisible = 0;
			defaultConfigurationName = Debug;
		};
/* End XCConfigurationList section */
	};
	rootObject = 29B97313FDCFA39411CA2CEA /* Project object */;
}
